Microsoft Visual Studio Solution File, Format Version 12.00
# Visual Studio 14
VisualStudioVersion = 14.0.25420.1
MinimumVisualStudioVersion = 10.0.40219.1
Project("{D954291E-2A0B-460D-934E-DC6B0785DB48}") = "MiniHacks", "MiniHacks\MiniHacks.shproj", "{9AABDA6F-F362-4375-B830-4FA4F38DAE09}"
EndProject
Project("{FAE04EC0-301F-11D3-BF4B-00C04F79EFBC}") = "MiniHacks.Droid", "Droid\MiniHacks.Droid.csproj", "{125FC3FD-41BE-4CFC-AFD8-F955463FD9DC}"
EndProject
Project("{FAE04EC0-301F-11D3-BF4B-00C04F79EFBC}") = "MiniHacks.iOS", "iOS\MiniHacks.iOS.csproj", "{0282AD96-CECE-4278-8971-E8AABBAA5598}"
EndProject
Project("{FAE04EC0-301F-11D3-BF4B-00C04F79EFBC}") = "MiniHacks.UWP", "MiniHacks.UWP\MiniHacks.UWP.csproj", "{01D6322D-0B5F-4844-8A0C-8321086D49F6}"
EndProject
Global
	GlobalSection(SharedMSBuildProjectFiles) = preSolution
		MiniHacks\MiniHacks.projitems*{01d6322d-0b5f-4844-8a0c-8321086d49f6}*SharedItemsImports = 4
		MiniHacks\MiniHacks.projitems*{0282ad96-cece-4278-8971-e8aabbaa5598}*SharedItemsImports = 4
		MiniHacks\MiniHacks.projitems*{125fc3fd-41be-4cfc-afd8-f955463fd9dc}*SharedItemsImports = 4
		MiniHacks\MiniHacks.projitems*{9aabda6f-f362-4375-b830-4fa4f38dae09}*SharedItemsImports = 13
	EndGlobalSection
	GlobalSection(SolutionConfigurationPlatforms) = preSolution
		Debug|Any CPU = Debug|Any CPU
		Debug|ARM = Debug|ARM
		Debug|iPhone = Debug|iPhone
		Debug|iPhoneSimulator = Debug|iPhoneSimulator
		Debug|x64 = Debug|x64
		Debug|x86 = Debug|x86
		Release|Any CPU = Release|Any CPU
		Release|ARM = Release|ARM
		Release|iPhone = Release|iPhone
		Release|iPhoneSimulator = Release|iPhoneSimulator
		Release|x64 = Release|x64
		Release|x86 = Release|x86
	EndGlobalSection
	GlobalSection(ProjectConfigurationPlatforms) = postSolution
		{125FC3FD-41BE-4CFC-AFD8-F955463FD9DC}.Debug|Any CPU.ActiveCfg = Debug|Any CPU
		{125FC3FD-41BE-4CFC-AFD8-F955463FD9DC}.Debug|Any CPU.Build.0 = Debug|Any CPU
		{125FC3FD-41BE-4CFC-AFD8-F955463FD9DC}.Debug|ARM.ActiveCfg = Debug|Any CPU
		{125FC3FD-41BE-4CFC-AFD8-F955463FD9DC}.Debug|ARM.Build.0 = Debug|Any CPU
		{125FC3FD-41BE-4CFC-AFD8-F955463FD9DC}.Debug|ARM.Deploy.0 = Debug|Any CPU
		{125FC3FD-41BE-4CFC-AFD8-F955463FD9DC}.Debug|iPhone.ActiveCfg = Debug|Any CPU
		{125FC3FD-41BE-4CFC-AFD8-F955463FD9DC}.Debug|iPhone.Build.0 = Debug|Any CPU
		{125FC3FD-41BE-4CFC-AFD8-F955463FD9DC}.Debug|iPhoneSimulator.ActiveCfg = Debug|Any CPU
		{125FC3FD-41BE-4CFC-AFD8-F955463FD9DC}.Debug|iPhoneSimulator.Build.0 = Debug|Any CPU
		{125FC3FD-41BE-4CFC-AFD8-F955463FD9DC}.Debug|x64.ActiveCfg = Debug|Any CPU
		{125FC3FD-41BE-4CFC-AFD8-F955463FD9DC}.Debug|x64.Build.0 = Debug|Any CPU
		{125FC3FD-41BE-4CFC-AFD8-F955463FD9DC}.Debug|x64.Deploy.0 = Debug|Any CPU
		{125FC3FD-41BE-4CFC-AFD8-F955463FD9DC}.Debug|x86.ActiveCfg = Debug|Any CPU
		{125FC3FD-41BE-4CFC-AFD8-F955463FD9DC}.Debug|x86.Build.0 = Debug|Any CPU
		{125FC3FD-41BE-4CFC-AFD8-F955463FD9DC}.Debug|x86.Deploy.0 = Debug|Any CPU
		{125FC3FD-41BE-4CFC-AFD8-F955463FD9DC}.Release|Any CPU.ActiveCfg = Release|Any CPU
		{125FC3FD-41BE-4CFC-AFD8-F955463FD9DC}.Release|Any CPU.Build.0 = Release|Any CPU
		{125FC3FD-41BE-4CFC-AFD8-F955463FD9DC}.Release|ARM.ActiveCfg = Release|Any CPU
		{125FC3FD-41BE-4CFC-AFD8-F955463FD9DC}.Release|ARM.Build.0 = Release|Any CPU
		{125FC3FD-41BE-4CFC-AFD8-F955463FD9DC}.Release|ARM.Deploy.0 = Release|Any CPU
		{125FC3FD-41BE-4CFC-AFD8-F955463FD9DC}.Release|iPhone.ActiveCfg = Release|Any CPU
		{125FC3FD-41BE-4CFC-AFD8-F955463FD9DC}.Release|iPhone.Build.0 = Release|Any CPU
		{125FC3FD-41BE-4CFC-AFD8-F955463FD9DC}.Release|iPhoneSimulator.ActiveCfg = Release|Any CPU
		{125FC3FD-41BE-4CFC-AFD8-F955463FD9DC}.Release|iPhoneSimulator.Build.0 = Release|Any CPU
		{125FC3FD-41BE-4CFC-AFD8-F955463FD9DC}.Release|x64.ActiveCfg = Release|Any CPU
		{125FC3FD-41BE-4CFC-AFD8-F955463FD9DC}.Release|x64.Build.0 = Release|Any CPU
		{125FC3FD-41BE-4CFC-AFD8-F955463FD9DC}.Release|x64.Deploy.0 = Release|Any CPU
		{125FC3FD-41BE-4CFC-AFD8-F955463FD9DC}.Release|x86.ActiveCfg = Release|Any CPU
		{125FC3FD-41BE-4CFC-AFD8-F955463FD9DC}.Release|x86.Build.0 = Release|Any CPU
		{125FC3FD-41BE-4CFC-AFD8-F955463FD9DC}.Release|x86.Deploy.0 = Release|Any CPU
		{0282AD96-CECE-4278-8971-E8AABBAA5598}.Debug|Any CPU.ActiveCfg = Debug|iPhoneSimulator
		{0282AD96-CECE-4278-8971-E8AABBAA5598}.Debug|Any CPU.Build.0 = Debug|iPhoneSimulator
		{0282AD96-CECE-4278-8971-E8AABBAA5598}.Debug|ARM.ActiveCfg = Debug|iPhone
		{0282AD96-CECE-4278-8971-E8AABBAA5598}.Debug|iPhone.ActiveCfg = Debug|iPhone
		{0282AD96-CECE-4278-8971-E8AABBAA5598}.Debug|iPhone.Build.0 = Debug|iPhone
		{0282AD96-CECE-4278-8971-E8AABBAA5598}.Debug|iPhoneSimulator.ActiveCfg = Debug|iPhoneSimulator
		{0282AD96-CECE-4278-8971-E8AABBAA5598}.Debug|iPhoneSimulator.Build.0 = Debug|iPhoneSimulator
		{0282AD96-CECE-4278-8971-E8AABBAA5598}.Debug|x64.ActiveCfg = Debug|iPhone
		{0282AD96-CECE-4278-8971-E8AABBAA5598}.Debug|x86.ActiveCfg = Debug|iPhone
		{0282AD96-CECE-4278-8971-E8AABBAA5598}.Release|Any CPU.ActiveCfg = Release|iPhone
		{0282AD96-CECE-4278-8971-E8AABBAA5598}.Release|Any CPU.Build.0 = Release|iPhone
		{0282AD96-CECE-4278-8971-E8AABBAA5598}.Release|ARM.ActiveCfg = Release|iPhoneSimulator
		{0282AD96-CECE-4278-8971-E8AABBAA5598}.Release|iPhone.ActiveCfg = Release|iPhone
		{0282AD96-CECE-4278-8971-E8AABBAA5598}.Release|iPhone.Build.0 = Release|iPhone
		{0282AD96-CECE-4278-8971-E8AABBAA5598}.Release|iPhoneSimulator.ActiveCfg = Release|iPhoneSimulator
		{0282AD96-CECE-4278-8971-E8AABBAA5598}.Release|iPhoneSimulator.Build.0 = Release|iPhoneSimulator
		{0282AD96-CECE-4278-8971-E8AABBAA5598}.Release|x64.ActiveCfg = Release|iPhoneSimulator
		{0282AD96-CECE-4278-8971-E8AABBAA5598}.Release|x86.ActiveCfg = Release|iPhoneSimulator
		{01D6322D-0B5F-4844-8A0C-8321086D49F6}.Debug|Any CPU.ActiveCfg = Debug|x86
		{01D6322D-0B5F-4844-8A0C-8321086D49F6}.Debug|Any CPU.Build.0 = Debug|x86
		{01D6322D-0B5F-4844-8A0C-8321086D49F6}.Debug|Any CPU.Deploy.0 = Debug|x86
		{01D6322D-0B5F-4844-8A0C-8321086D49F6}.Debug|ARM.ActiveCfg = Debug|ARM
		{01D6322D-0B5F-4844-8A0C-8321086D49F6}.Debug|ARM.Build.0 = Debug|ARM
		{01D6322D-0B5F-4844-8A0C-8321086D49F6}.Debug|ARM.Deploy.0 = Debug|ARM
		{01D6322D-0B5F-4844-8A0C-8321086D49F6}.Debug|iPhone.ActiveCfg = Debug|x86
		{01D6322D-0B5F-4844-8A0C-8321086D49F6}.Debug|iPhoneSimulator.ActiveCfg = Debug|x86
		{01D6322D-0B5F-4844-8A0C-8321086D49F6}.Debug|x64.ActiveCfg = Debug|x64
		{01D6322D-0B5F-4844-8A0C-8321086D49F6}.Debug|x64.Build.0 = Debug|x64
		{01D6322D-0B5F-4844-8A0C-8321086D49F6}.Debug|x64.Deploy.0 = Debug|x64
		{01D6322D-0B5F-4844-8A0C-8321086D49F6}.Debug|x86.ActiveCfg = Debug|x86
		{01D6322D-0B5F-4844-8A0C-8321086D49F6}.Debug|x86.Build.0 = Debug|x86
		{01D6322D-0B5F-4844-8A0C-8321086D49F6}.Debug|x86.Deploy.0 = Debug|x86
		{01D6322D-0B5F-4844-8A0C-8321086D49F6}.Release|Any CPU.ActiveCfg = Release|x86
		{01D6322D-0B5F-4844-8A0C-8321086D49F6}.Release|ARM.ActiveCfg = Release|ARM
		{01D6322D-0B5F-4844-8A0C-8321086D49F6}.Release|ARM.Build.0 = Release|ARM
		{01D6322D-0B5F-4844-8A0C-8321086D49F6}.Release|ARM.Deploy.0 = Release|ARM
		{01D6322D-0B5F-4844-8A0C-8321086D49F6}.Release|iPhone.ActiveCfg = Release|x86
		{01D6322D-0B5F-4844-8A0C-8321086D49F6}.Release|iPhoneSimulator.ActiveCfg = Release|x86
		{01D6322D-0B5F-4844-8A0C-8321086D49F6}.Release|x64.ActiveCfg = Release|x64
		{01D6322D-0B5F-4844-8A0C-8321086D49F6}.Release|x64.Build.0 = Release|x64
		{01D6322D-0B5F-4844-8A0C-8321086D49F6}.Release|x64.Deploy.0 = Release|x64
		{01D6322D-0B5F-4844-8A0C-8321086D49F6}.Release|x86.ActiveCfg = Release|x86
		{01D6322D-0B5F-4844-8A0C-8321086D49F6}.Release|x86.Build.0 = Release|x86
		{01D6322D-0B5F-4844-8A0C-8321086D49F6}.Release|x86.Deploy.0 = Release|x86
	EndGlobalSection
	GlobalSection(SolutionProperties) = preSolution
		HideSolutionNode = FALSE
	EndGlobalSection
EndGlobal
