
Microsoft Visual Studio Solution File, Format Version 12.00
# Visual Studio 15
VisualStudioVersion = 15.0.28307.106
MinimumVisualStudioVersion = 10.0.40219.1
Project("{2150E333-8FDC-42A3-9474-1A3956D46DE8}") = "Targets", "Targets", "{B3B306B8-9A3D-4CD6-81FD-9C9EAB3C5788}"
EndProject
Project("{FAE04EC0-301F-11D3-BF4B-00C04F79EFBC}") = "XamarinEvolve.iOS", "XamarinEvolve.iOS\XamarinEvolve.iOS.csproj", "{22F77CDE-8816-45D7-A7A1-CA9282145F0A}"
EndProject
Project("{2150E333-8FDC-42A3-9474-1A3956D46DE8}") = "Tests", "Tests", "{77DDAD28-118D-46C9-8958-445F7288DCC8}"
EndProject
Project("{2150E333-8FDC-42A3-9474-1A3956D46DE8}") = "Backend", "Backend", "{8D118106-3CF2-4674-978C-C9133AD91F39}"
EndProject
Project("{D954291E-2A0B-460D-934E-DC6B0785DB48}") = "XamarinEvolve.DataObjects", "XamarinEvolve.DataObjects\XamarinEvolve.DataObjects.shproj", "{7EDD0E09-3B40-41AB-83DD-01317426CA1A}"
EndProject
Project("{2150E333-8FDC-42A3-9474-1A3956D46DE8}") = "Shared", "Shared", "{DC9BA4C6-1267-449A-95F2-AB7A8B53F65D}"
EndProject
Project("{D954291E-2A0B-460D-934E-DC6B0785DB48}") = "XamarinEvolve.Shared", "XamarinEvolve.Shared\XamarinEvolve.Shared.shproj", "{B994592A-84E5-4595-B02D-D2FE99116852}"
EndProject
Project("{FAE04EC0-301F-11D3-BF4B-00C04F79EFBC}") = "XamarinEvolve.iOS.UpNext", "XamarinEvolve.iOS.UpNext\XamarinEvolve.iOS.UpNext.csproj", "{3F4527EF-1454-4EFF-AB5C-CBE235E3DA9B}"
EndProject
Project("{9A19103F-16F7-4668-BE54-9A1E7A4F7556}") = "XamarinEvolve.Clients.Portable.NetStandard", "XamarinEvolve.Clients.Portable.NetStandard\XamarinEvolve.Clients.Portable.NetStandard.csproj", "{81D89107-E880-4AE6-9273-BFFBA57B3E73}"
EndProject
Project("{9A19103F-16F7-4668-BE54-9A1E7A4F7556}") = "XamarinEvolve.Clients.UI.NetStandard", "XamarinEvolve.Clients.UI.NetStandard\XamarinEvolve.Clients.UI.NetStandard.csproj", "{A04D3A08-90AB-464F-9B72-90F3611E36DD}"
EndProject
Project("{9A19103F-16F7-4668-BE54-9A1E7A4F7556}") = "XamarinEvolve.Utils.NetStandard", "XamarinEvolve.Utils.NetStandard\XamarinEvolve.Utils.NetStandard.csproj", "{616C2DE6-92FB-42E2-ADA2-255CFDC28F63}"
EndProject
Project("{9A19103F-16F7-4668-BE54-9A1E7A4F7556}") = "XamarinEvolve.DataStore.Abstractions.Netstandard", "XamarinEvolve.DataStore.Abstractions.Netstandard\XamarinEvolve.DataStore.Abstractions.Netstandard.csproj", "{6A806B80-6AFC-4A7B-866B-BF472D741925}"
EndProject
Project("{9A19103F-16F7-4668-BE54-9A1E7A4F7556}") = "XamarinEvolve.DataStore.Azure.NetStandard", "XamarinEvolve.DataStore.Azure.NetStandard\XamarinEvolve.DataStore.Azure.NetStandard.csproj", "{3EFAF816-ABAE-49C4-A463-2663CC40A46E}"
EndProject
Project("{9A19103F-16F7-4668-BE54-9A1E7A4F7556}") = "XamarinEvolve.DataStore.Mock.NetStandard", "XamarinEvolve.DataStore.Mock.NetStandard\XamarinEvolve.DataStore.Mock.NetStandard.csproj", "{4C301B29-E7EE-4F54-AA16-800D14DEE38E}"
EndProject
Global
	GlobalSection(SharedMSBuildProjectFiles) = preSolution
		XamarinEvolve.Shared\XamarinEvolve.Shared.projitems*{22f77cde-8816-45d7-a7a1-ca9282145f0a}*SharedItemsImports = 4
		XamarinEvolve.DataObjects\XamarinEvolve.Backend.Shared.projitems*{3f4527ef-1454-4eff-ab5c-cbe235e3da9b}*SharedItemsImports = 4
		XamarinEvolve.DataObjects\XamarinEvolve.Backend.Shared.projitems*{7edd0e09-3b40-41ab-83dd-01317426ca1a}*SharedItemsImports = 13
		XamarinEvolve.Shared\XamarinEvolve.Shared.projitems*{b994592a-84e5-4595-b02d-d2fe99116852}*SharedItemsImports = 13
	EndGlobalSection
	GlobalSection(SolutionConfigurationPlatforms) = preSolution
		Debug|Any CPU = Debug|Any CPU
		Debug|ARM = Debug|ARM
		Debug|iPhone = Debug|iPhone
		Debug|iPhoneSimulator = Debug|iPhoneSimulator
		Debug|x64 = Debug|x64
		Debug|x86 = Debug|x86
		Release|Any CPU = Release|Any CPU
		Release|ARM = Release|ARM
		Release|iPhone = Release|iPhone
		Release|iPhoneSimulator = Release|iPhoneSimulator
		Release|x64 = Release|x64
		Release|x86 = Release|x86
		UITest|Any CPU = UITest|Any CPU
		UITest|ARM = UITest|ARM
		UITest|iPhone = UITest|iPhone
		UITest|iPhoneSimulator = UITest|iPhoneSimulator
		UITest|x64 = UITest|x64
		UITest|x86 = UITest|x86
	EndGlobalSection
	GlobalSection(ProjectConfigurationPlatforms) = postSolution
		{22F77CDE-8816-45D7-A7A1-CA9282145F0A}.Debug|Any CPU.ActiveCfg = Debug|iPhoneSimulator
		{22F77CDE-8816-45D7-A7A1-CA9282145F0A}.Debug|Any CPU.Build.0 = Debug|iPhoneSimulator
		{22F77CDE-8816-45D7-A7A1-CA9282145F0A}.Debug|ARM.ActiveCfg = Debug|Any CPU
		{22F77CDE-8816-45D7-A7A1-CA9282145F0A}.Debug|ARM.Build.0 = Debug|Any CPU
		{22F77CDE-8816-45D7-A7A1-CA9282145F0A}.Debug|iPhone.ActiveCfg = Debug|iPhone
		{22F77CDE-8816-45D7-A7A1-CA9282145F0A}.Debug|iPhone.Build.0 = Debug|iPhone
		{22F77CDE-8816-45D7-A7A1-CA9282145F0A}.Debug|iPhoneSimulator.ActiveCfg = Debug|iPhoneSimulator
		{22F77CDE-8816-45D7-A7A1-CA9282145F0A}.Debug|iPhoneSimulator.Build.0 = Debug|iPhoneSimulator
		{22F77CDE-8816-45D7-A7A1-CA9282145F0A}.Debug|x64.ActiveCfg = Debug|Any CPU
		{22F77CDE-8816-45D7-A7A1-CA9282145F0A}.Debug|x64.Build.0 = Debug|Any CPU
		{22F77CDE-8816-45D7-A7A1-CA9282145F0A}.Debug|x86.ActiveCfg = Debug|Any CPU
		{22F77CDE-8816-45D7-A7A1-CA9282145F0A}.Debug|x86.Build.0 = Debug|Any CPU
		{22F77CDE-8816-45D7-A7A1-CA9282145F0A}.Release|Any CPU.ActiveCfg = Release|iPhone
		{22F77CDE-8816-45D7-A7A1-CA9282145F0A}.Release|Any CPU.Build.0 = Release|iPhone
		{22F77CDE-8816-45D7-A7A1-CA9282145F0A}.Release|ARM.ActiveCfg = Release|Any CPU
		{22F77CDE-8816-45D7-A7A1-CA9282145F0A}.Release|ARM.Build.0 = Release|Any CPU
		{22F77CDE-8816-45D7-A7A1-CA9282145F0A}.Release|iPhone.ActiveCfg = Release|iPhone
		{22F77CDE-8816-45D7-A7A1-CA9282145F0A}.Release|iPhone.Build.0 = Release|iPhone
		{22F77CDE-8816-45D7-A7A1-CA9282145F0A}.Release|iPhoneSimulator.ActiveCfg = Release|iPhoneSimulator
		{22F77CDE-8816-45D7-A7A1-CA9282145F0A}.Release|iPhoneSimulator.Build.0 = Release|iPhoneSimulator
		{22F77CDE-8816-45D7-A7A1-CA9282145F0A}.Release|x64.ActiveCfg = Release|Any CPU
		{22F77CDE-8816-45D7-A7A1-CA9282145F0A}.Release|x64.Build.0 = Release|Any CPU
		{22F77CDE-8816-45D7-A7A1-CA9282145F0A}.Release|x86.ActiveCfg = Release|Any CPU
		{22F77CDE-8816-45D7-A7A1-CA9282145F0A}.Release|x86.Build.0 = Release|Any CPU
		{22F77CDE-8816-45D7-A7A1-CA9282145F0A}.UITest|Any CPU.ActiveCfg = UITest|Any CPU
		{22F77CDE-8816-45D7-A7A1-CA9282145F0A}.UITest|Any CPU.Build.0 = UITest|Any CPU
		{22F77CDE-8816-45D7-A7A1-CA9282145F0A}.UITest|ARM.ActiveCfg = UITest|Any CPU
		{22F77CDE-8816-45D7-A7A1-CA9282145F0A}.UITest|ARM.Build.0 = UITest|Any CPU
		{22F77CDE-8816-45D7-A7A1-CA9282145F0A}.UITest|iPhone.ActiveCfg = UITest|iPhone
		{22F77CDE-8816-45D7-A7A1-CA9282145F0A}.UITest|iPhone.Build.0 = UITest|iPhone
		{22F77CDE-8816-45D7-A7A1-CA9282145F0A}.UITest|iPhoneSimulator.ActiveCfg = UITest|iPhoneSimulator
		{22F77CDE-8816-45D7-A7A1-CA9282145F0A}.UITest|iPhoneSimulator.Build.0 = UITest|iPhoneSimulator
		{22F77CDE-8816-45D7-A7A1-CA9282145F0A}.UITest|x64.ActiveCfg = UITest|Any CPU
		{22F77CDE-8816-45D7-A7A1-CA9282145F0A}.UITest|x64.Build.0 = UITest|Any CPU
		{22F77CDE-8816-45D7-A7A1-CA9282145F0A}.UITest|x86.ActiveCfg = UITest|Any CPU
		{22F77CDE-8816-45D7-A7A1-CA9282145F0A}.UITest|x86.Build.0 = UITest|Any CPU
		{3F4527EF-1454-4EFF-AB5C-CBE235E3DA9B}.Debug|Any CPU.ActiveCfg = Debug|iPhoneSimulator
		{3F4527EF-1454-4EFF-AB5C-CBE235E3DA9B}.Debug|Any CPU.Build.0 = Debug|iPhoneSimulator
		{3F4527EF-1454-4EFF-AB5C-CBE235E3DA9B}.Debug|ARM.ActiveCfg = Debug|iPhoneSimulator
		{3F4527EF-1454-4EFF-AB5C-CBE235E3DA9B}.Debug|ARM.Build.0 = Debug|iPhoneSimulator
		{3F4527EF-1454-4EFF-AB5C-CBE235E3DA9B}.Debug|iPhone.ActiveCfg = Debug|iPhone
		{3F4527EF-1454-4EFF-AB5C-CBE235E3DA9B}.Debug|iPhone.Build.0 = Debug|iPhone
		{3F4527EF-1454-4EFF-AB5C-CBE235E3DA9B}.Debug|iPhoneSimulator.ActiveCfg = Debug|iPhoneSimulator
		{3F4527EF-1454-4EFF-AB5C-CBE235E3DA9B}.Debug|iPhoneSimulator.Build.0 = Debug|iPhoneSimulator
		{3F4527EF-1454-4EFF-AB5C-CBE235E3DA9B}.Debug|x64.ActiveCfg = Debug|iPhoneSimulator
		{3F4527EF-1454-4EFF-AB5C-CBE235E3DA9B}.Debug|x64.Build.0 = Debug|iPhoneSimulator
		{3F4527EF-1454-4EFF-AB5C-CBE235E3DA9B}.Debug|x86.ActiveCfg = Debug|iPhoneSimulator
		{3F4527EF-1454-4EFF-AB5C-CBE235E3DA9B}.Debug|x86.Build.0 = Debug|iPhoneSimulator
		{3F4527EF-1454-4EFF-AB5C-CBE235E3DA9B}.Release|Any CPU.ActiveCfg = Release|iPhone
		{3F4527EF-1454-4EFF-AB5C-CBE235E3DA9B}.Release|Any CPU.Build.0 = Release|iPhone
		{3F4527EF-1454-4EFF-AB5C-CBE235E3DA9B}.Release|ARM.ActiveCfg = Release|iPhone
		{3F4527EF-1454-4EFF-AB5C-CBE235E3DA9B}.Release|ARM.Build.0 = Release|iPhone
		{3F4527EF-1454-4EFF-AB5C-CBE235E3DA9B}.Release|iPhone.ActiveCfg = Release|iPhone
		{3F4527EF-1454-4EFF-AB5C-CBE235E3DA9B}.Release|iPhone.Build.0 = Release|iPhone
		{3F4527EF-1454-4EFF-AB5C-CBE235E3DA9B}.Release|iPhoneSimulator.ActiveCfg = Release|iPhoneSimulator
		{3F4527EF-1454-4EFF-AB5C-CBE235E3DA9B}.Release|iPhoneSimulator.Build.0 = Release|iPhoneSimulator
		{3F4527EF-1454-4EFF-AB5C-CBE235E3DA9B}.Release|x64.ActiveCfg = Release|iPhone
		{3F4527EF-1454-4EFF-AB5C-CBE235E3DA9B}.Release|x64.Build.0 = Release|iPhone
		{3F4527EF-1454-4EFF-AB5C-CBE235E3DA9B}.Release|x86.ActiveCfg = Release|iPhone
		{3F4527EF-1454-4EFF-AB5C-CBE235E3DA9B}.Release|x86.Build.0 = Release|iPhone
		{3F4527EF-1454-4EFF-AB5C-CBE235E3DA9B}.UITest|Any CPU.ActiveCfg = Debug|iPhoneSimulator
		{3F4527EF-1454-4EFF-AB5C-CBE235E3DA9B}.UITest|Any CPU.Build.0 = Debug|iPhoneSimulator
		{3F4527EF-1454-4EFF-AB5C-CBE235E3DA9B}.UITest|ARM.ActiveCfg = Debug|iPhoneSimulator
		{3F4527EF-1454-4EFF-AB5C-CBE235E3DA9B}.UITest|ARM.Build.0 = Debug|iPhoneSimulator
		{3F4527EF-1454-4EFF-AB5C-CBE235E3DA9B}.UITest|iPhone.ActiveCfg = Release|iPhone
		{3F4527EF-1454-4EFF-AB5C-CBE235E3DA9B}.UITest|iPhone.Build.0 = Release|iPhone
		{3F4527EF-1454-4EFF-AB5C-CBE235E3DA9B}.UITest|iPhoneSimulator.ActiveCfg = Release|iPhoneSimulator
		{3F4527EF-1454-4EFF-AB5C-CBE235E3DA9B}.UITest|iPhoneSimulator.Build.0 = Release|iPhoneSimulator
		{3F4527EF-1454-4EFF-AB5C-CBE235E3DA9B}.UITest|x64.ActiveCfg = Debug|iPhoneSimulator
		{3F4527EF-1454-4EFF-AB5C-CBE235E3DA9B}.UITest|x64.Build.0 = Debug|iPhoneSimulator
		{3F4527EF-1454-4EFF-AB5C-CBE235E3DA9B}.UITest|x86.ActiveCfg = Debug|iPhoneSimulator
		{3F4527EF-1454-4EFF-AB5C-CBE235E3DA9B}.UITest|x86.Build.0 = Debug|iPhoneSimulator
		{81D89107-E880-4AE6-9273-BFFBA57B3E73}.Debug|Any CPU.ActiveCfg = Debug|Any CPU
		{81D89107-E880-4AE6-9273-BFFBA57B3E73}.Debug|Any CPU.Build.0 = Debug|Any CPU
		{81D89107-E880-4AE6-9273-BFFBA57B3E73}.Debug|ARM.ActiveCfg = Debug|Any CPU
		{81D89107-E880-4AE6-9273-BFFBA57B3E73}.Debug|ARM.Build.0 = Debug|Any CPU
		{81D89107-E880-4AE6-9273-BFFBA57B3E73}.Debug|iPhone.ActiveCfg = Debug|Any CPU
		{81D89107-E880-4AE6-9273-BFFBA57B3E73}.Debug|iPhone.Build.0 = Debug|Any CPU
		{81D89107-E880-4AE6-9273-BFFBA57B3E73}.Debug|iPhoneSimulator.ActiveCfg = Debug|Any CPU
		{81D89107-E880-4AE6-9273-BFFBA57B3E73}.Debug|iPhoneSimulator.Build.0 = Debug|Any CPU
		{81D89107-E880-4AE6-9273-BFFBA57B3E73}.Debug|x64.ActiveCfg = Debug|Any CPU
		{81D89107-E880-4AE6-9273-BFFBA57B3E73}.Debug|x64.Build.0 = Debug|Any CPU
		{81D89107-E880-4AE6-9273-BFFBA57B3E73}.Debug|x86.ActiveCfg = Debug|Any CPU
		{81D89107-E880-4AE6-9273-BFFBA57B3E73}.Debug|x86.Build.0 = Debug|Any CPU
		{81D89107-E880-4AE6-9273-BFFBA57B3E73}.Release|Any CPU.ActiveCfg = Release|Any CPU
		{81D89107-E880-4AE6-9273-BFFBA57B3E73}.Release|Any CPU.Build.0 = Release|Any CPU
		{81D89107-E880-4AE6-9273-BFFBA57B3E73}.Release|ARM.ActiveCfg = Release|Any CPU
		{81D89107-E880-4AE6-9273-BFFBA57B3E73}.Release|ARM.Build.0 = Release|Any CPU
		{81D89107-E880-4AE6-9273-BFFBA57B3E73}.Release|iPhone.ActiveCfg = Release|Any CPU
		{81D89107-E880-4AE6-9273-BFFBA57B3E73}.Release|iPhone.Build.0 = Release|Any CPU
		{81D89107-E880-4AE6-9273-BFFBA57B3E73}.Release|iPhoneSimulator.ActiveCfg = Release|Any CPU
		{81D89107-E880-4AE6-9273-BFFBA57B3E73}.Release|iPhoneSimulator.Build.0 = Release|Any CPU
		{81D89107-E880-4AE6-9273-BFFBA57B3E73}.Release|x64.ActiveCfg = Release|Any CPU
		{81D89107-E880-4AE6-9273-BFFBA57B3E73}.Release|x64.Build.0 = Release|Any CPU
		{81D89107-E880-4AE6-9273-BFFBA57B3E73}.Release|x86.ActiveCfg = Release|Any CPU
		{81D89107-E880-4AE6-9273-BFFBA57B3E73}.Release|x86.Build.0 = Release|Any CPU
		{81D89107-E880-4AE6-9273-BFFBA57B3E73}.UITest|Any CPU.ActiveCfg = Debug|Any CPU
		{81D89107-E880-4AE6-9273-BFFBA57B3E73}.UITest|Any CPU.Build.0 = Debug|Any CPU
		{81D89107-E880-4AE6-9273-BFFBA57B3E73}.UITest|ARM.ActiveCfg = Debug|Any CPU
		{81D89107-E880-4AE6-9273-BFFBA57B3E73}.UITest|ARM.Build.0 = Debug|Any CPU
		{81D89107-E880-4AE6-9273-BFFBA57B3E73}.UITest|iPhone.ActiveCfg = Debug|Any CPU
		{81D89107-E880-4AE6-9273-BFFBA57B3E73}.UITest|iPhone.Build.0 = Debug|Any CPU
		{81D89107-E880-4AE6-9273-BFFBA57B3E73}.UITest|iPhoneSimulator.ActiveCfg = Debug|Any CPU
		{81D89107-E880-4AE6-9273-BFFBA57B3E73}.UITest|iPhoneSimulator.Build.0 = Debug|Any CPU
		{81D89107-E880-4AE6-9273-BFFBA57B3E73}.UITest|x64.ActiveCfg = Debug|Any CPU
		{81D89107-E880-4AE6-9273-BFFBA57B3E73}.UITest|x64.Build.0 = Debug|Any CPU
		{81D89107-E880-4AE6-9273-BFFBA57B3E73}.UITest|x86.ActiveCfg = Debug|Any CPU
		{81D89107-E880-4AE6-9273-BFFBA57B3E73}.UITest|x86.Build.0 = Debug|Any CPU
		{A04D3A08-90AB-464F-9B72-90F3611E36DD}.Debug|Any CPU.ActiveCfg = Debug|Any CPU
		{A04D3A08-90AB-464F-9B72-90F3611E36DD}.Debug|Any CPU.Build.0 = Debug|Any CPU
		{A04D3A08-90AB-464F-9B72-90F3611E36DD}.Debug|ARM.ActiveCfg = Debug|Any CPU
		{A04D3A08-90AB-464F-9B72-90F3611E36DD}.Debug|ARM.Build.0 = Debug|Any CPU
		{A04D3A08-90AB-464F-9B72-90F3611E36DD}.Debug|iPhone.ActiveCfg = Debug|Any CPU
		{A04D3A08-90AB-464F-9B72-90F3611E36DD}.Debug|iPhone.Build.0 = Debug|Any CPU
		{A04D3A08-90AB-464F-9B72-90F3611E36DD}.Debug|iPhoneSimulator.ActiveCfg = Debug|Any CPU
		{A04D3A08-90AB-464F-9B72-90F3611E36DD}.Debug|iPhoneSimulator.Build.0 = Debug|Any CPU
		{A04D3A08-90AB-464F-9B72-90F3611E36DD}.Debug|x64.ActiveCfg = Debug|Any CPU
		{A04D3A08-90AB-464F-9B72-90F3611E36DD}.Debug|x64.Build.0 = Debug|Any CPU
		{A04D3A08-90AB-464F-9B72-90F3611E36DD}.Debug|x86.ActiveCfg = Debug|Any CPU
		{A04D3A08-90AB-464F-9B72-90F3611E36DD}.Debug|x86.Build.0 = Debug|Any CPU
		{A04D3A08-90AB-464F-9B72-90F3611E36DD}.Release|Any CPU.ActiveCfg = Release|Any CPU
		{A04D3A08-90AB-464F-9B72-90F3611E36DD}.Release|Any CPU.Build.0 = Release|Any CPU
		{A04D3A08-90AB-464F-9B72-90F3611E36DD}.Release|ARM.ActiveCfg = Release|Any CPU
		{A04D3A08-90AB-464F-9B72-90F3611E36DD}.Release|ARM.Build.0 = Release|Any CPU
		{A04D3A08-90AB-464F-9B72-90F3611E36DD}.Release|iPhone.ActiveCfg = Release|Any CPU
		{A04D3A08-90AB-464F-9B72-90F3611E36DD}.Release|iPhone.Build.0 = Release|Any CPU
		{A04D3A08-90AB-464F-9B72-90F3611E36DD}.Release|iPhoneSimulator.ActiveCfg = Release|Any CPU
		{A04D3A08-90AB-464F-9B72-90F3611E36DD}.Release|iPhoneSimulator.Build.0 = Release|Any CPU
		{A04D3A08-90AB-464F-9B72-90F3611E36DD}.Release|x64.ActiveCfg = Release|Any CPU
		{A04D3A08-90AB-464F-9B72-90F3611E36DD}.Release|x64.Build.0 = Release|Any CPU
		{A04D3A08-90AB-464F-9B72-90F3611E36DD}.Release|x86.ActiveCfg = Release|Any CPU
		{A04D3A08-90AB-464F-9B72-90F3611E36DD}.Release|x86.Build.0 = Release|Any CPU
		{A04D3A08-90AB-464F-9B72-90F3611E36DD}.UITest|Any CPU.ActiveCfg = Debug|Any CPU
		{A04D3A08-90AB-464F-9B72-90F3611E36DD}.UITest|Any CPU.Build.0 = Debug|Any CPU
		{A04D3A08-90AB-464F-9B72-90F3611E36DD}.UITest|ARM.ActiveCfg = Debug|Any CPU
		{A04D3A08-90AB-464F-9B72-90F3611E36DD}.UITest|ARM.Build.0 = Debug|Any CPU
		{A04D3A08-90AB-464F-9B72-90F3611E36DD}.UITest|iPhone.ActiveCfg = Debug|Any CPU
		{A04D3A08-90AB-464F-9B72-90F3611E36DD}.UITest|iPhone.Build.0 = Debug|Any CPU
		{A04D3A08-90AB-464F-9B72-90F3611E36DD}.UITest|iPhoneSimulator.ActiveCfg = Debug|Any CPU
		{A04D3A08-90AB-464F-9B72-90F3611E36DD}.UITest|iPhoneSimulator.Build.0 = Debug|Any CPU
		{A04D3A08-90AB-464F-9B72-90F3611E36DD}.UITest|x64.ActiveCfg = Debug|Any CPU
		{A04D3A08-90AB-464F-9B72-90F3611E36DD}.UITest|x64.Build.0 = Debug|Any CPU
		{A04D3A08-90AB-464F-9B72-90F3611E36DD}.UITest|x86.ActiveCfg = Debug|Any CPU
		{A04D3A08-90AB-464F-9B72-90F3611E36DD}.UITest|x86.Build.0 = Debug|Any CPU
		{616C2DE6-92FB-42E2-ADA2-255CFDC28F63}.Debug|Any CPU.ActiveCfg = Debug|Any CPU
		{616C2DE6-92FB-42E2-ADA2-255CFDC28F63}.Debug|Any CPU.Build.0 = Debug|Any CPU
		{616C2DE6-92FB-42E2-ADA2-255CFDC28F63}.Debug|ARM.ActiveCfg = Debug|Any CPU
		{616C2DE6-92FB-42E2-ADA2-255CFDC28F63}.Debug|ARM.Build.0 = Debug|Any CPU
		{616C2DE6-92FB-42E2-ADA2-255CFDC28F63}.Debug|iPhone.ActiveCfg = Debug|Any CPU
		{616C2DE6-92FB-42E2-ADA2-255CFDC28F63}.Debug|iPhone.Build.0 = Debug|Any CPU
		{616C2DE6-92FB-42E2-ADA2-255CFDC28F63}.Debug|iPhoneSimulator.ActiveCfg = Debug|Any CPU
		{616C2DE6-92FB-42E2-ADA2-255CFDC28F63}.Debug|iPhoneSimulator.Build.0 = Debug|Any CPU
		{616C2DE6-92FB-42E2-ADA2-255CFDC28F63}.Debug|x64.ActiveCfg = Debug|Any CPU
		{616C2DE6-92FB-42E2-ADA2-255CFDC28F63}.Debug|x64.Build.0 = Debug|Any CPU
		{616C2DE6-92FB-42E2-ADA2-255CFDC28F63}.Debug|x86.ActiveCfg = Debug|Any CPU
		{616C2DE6-92FB-42E2-ADA2-255CFDC28F63}.Debug|x86.Build.0 = Debug|Any CPU
		{616C2DE6-92FB-42E2-ADA2-255CFDC28F63}.Release|Any CPU.ActiveCfg = Release|Any CPU
		{616C2DE6-92FB-42E2-ADA2-255CFDC28F63}.Release|Any CPU.Build.0 = Release|Any CPU
		{616C2DE6-92FB-42E2-ADA2-255CFDC28F63}.Release|ARM.ActiveCfg = Release|Any CPU
		{616C2DE6-92FB-42E2-ADA2-255CFDC28F63}.Release|ARM.Build.0 = Release|Any CPU
		{616C2DE6-92FB-42E2-ADA2-255CFDC28F63}.Release|iPhone.ActiveCfg = Release|Any CPU
		{616C2DE6-92FB-42E2-ADA2-255CFDC28F63}.Release|iPhone.Build.0 = Release|Any CPU
		{616C2DE6-92FB-42E2-ADA2-255CFDC28F63}.Release|iPhoneSimulator.ActiveCfg = Release|Any CPU
		{616C2DE6-92FB-42E2-ADA2-255CFDC28F63}.Release|iPhoneSimulator.Build.0 = Release|Any CPU
		{616C2DE6-92FB-42E2-ADA2-255CFDC28F63}.Release|x64.ActiveCfg = Release|Any CPU
		{616C2DE6-92FB-42E2-ADA2-255CFDC28F63}.Release|x64.Build.0 = Release|Any CPU
		{616C2DE6-92FB-42E2-ADA2-255CFDC28F63}.Release|x86.ActiveCfg = Release|Any CPU
		{616C2DE6-92FB-42E2-ADA2-255CFDC28F63}.Release|x86.Build.0 = Release|Any CPU
		{616C2DE6-92FB-42E2-ADA2-255CFDC28F63}.UITest|Any CPU.ActiveCfg = Debug|Any CPU
		{616C2DE6-92FB-42E2-ADA2-255CFDC28F63}.UITest|Any CPU.Build.0 = Debug|Any CPU
		{616C2DE6-92FB-42E2-ADA2-255CFDC28F63}.UITest|ARM.ActiveCfg = Debug|Any CPU
		{616C2DE6-92FB-42E2-ADA2-255CFDC28F63}.UITest|ARM.Build.0 = Debug|Any CPU
		{616C2DE6-92FB-42E2-ADA2-255CFDC28F63}.UITest|iPhone.ActiveCfg = Debug|Any CPU
		{616C2DE6-92FB-42E2-ADA2-255CFDC28F63}.UITest|iPhone.Build.0 = Debug|Any CPU
		{616C2DE6-92FB-42E2-ADA2-255CFDC28F63}.UITest|iPhoneSimulator.ActiveCfg = Debug|Any CPU
		{616C2DE6-92FB-42E2-ADA2-255CFDC28F63}.UITest|iPhoneSimulator.Build.0 = Debug|Any CPU
		{616C2DE6-92FB-42E2-ADA2-255CFDC28F63}.UITest|x64.ActiveCfg = Debug|Any CPU
		{616C2DE6-92FB-42E2-ADA2-255CFDC28F63}.UITest|x64.Build.0 = Debug|Any CPU
		{616C2DE6-92FB-42E2-ADA2-255CFDC28F63}.UITest|x86.ActiveCfg = Debug|Any CPU
		{616C2DE6-92FB-42E2-ADA2-255CFDC28F63}.UITest|x86.Build.0 = Debug|Any CPU
		{6A806B80-6AFC-4A7B-866B-BF472D741925}.Debug|Any CPU.ActiveCfg = Debug|Any CPU
		{6A806B80-6AFC-4A7B-866B-BF472D741925}.Debug|Any CPU.Build.0 = Debug|Any CPU
		{6A806B80-6AFC-4A7B-866B-BF472D741925}.Debug|ARM.ActiveCfg = Debug|Any CPU
		{6A806B80-6AFC-4A7B-866B-BF472D741925}.Debug|ARM.Build.0 = Debug|Any CPU
		{6A806B80-6AFC-4A7B-866B-BF472D741925}.Debug|iPhone.ActiveCfg = Debug|Any CPU
		{6A806B80-6AFC-4A7B-866B-BF472D741925}.Debug|iPhone.Build.0 = Debug|Any CPU
		{6A806B80-6AFC-4A7B-866B-BF472D741925}.Debug|iPhoneSimulator.ActiveCfg = Debug|Any CPU
		{6A806B80-6AFC-4A7B-866B-BF472D741925}.Debug|iPhoneSimulator.Build.0 = Debug|Any CPU
		{6A806B80-6AFC-4A7B-866B-BF472D741925}.Debug|x64.ActiveCfg = Debug|Any CPU
		{6A806B80-6AFC-4A7B-866B-BF472D741925}.Debug|x64.Build.0 = Debug|Any CPU
		{6A806B80-6AFC-4A7B-866B-BF472D741925}.Debug|x86.ActiveCfg = Debug|Any CPU
		{6A806B80-6AFC-4A7B-866B-BF472D741925}.Debug|x86.Build.0 = Debug|Any CPU
		{6A806B80-6AFC-4A7B-866B-BF472D741925}.Release|Any CPU.ActiveCfg = Release|Any CPU
		{6A806B80-6AFC-4A7B-866B-BF472D741925}.Release|Any CPU.Build.0 = Release|Any CPU
		{6A806B80-6AFC-4A7B-866B-BF472D741925}.Release|ARM.ActiveCfg = Release|Any CPU
		{6A806B80-6AFC-4A7B-866B-BF472D741925}.Release|ARM.Build.0 = Release|Any CPU
		{6A806B80-6AFC-4A7B-866B-BF472D741925}.Release|iPhone.ActiveCfg = Release|Any CPU
		{6A806B80-6AFC-4A7B-866B-BF472D741925}.Release|iPhone.Build.0 = Release|Any CPU
		{6A806B80-6AFC-4A7B-866B-BF472D741925}.Release|iPhoneSimulator.ActiveCfg = Release|Any CPU
		{6A806B80-6AFC-4A7B-866B-BF472D741925}.Release|iPhoneSimulator.Build.0 = Release|Any CPU
		{6A806B80-6AFC-4A7B-866B-BF472D741925}.Release|x64.ActiveCfg = Release|Any CPU
		{6A806B80-6AFC-4A7B-866B-BF472D741925}.Release|x64.Build.0 = Release|Any CPU
		{6A806B80-6AFC-4A7B-866B-BF472D741925}.Release|x86.ActiveCfg = Release|Any CPU
		{6A806B80-6AFC-4A7B-866B-BF472D741925}.Release|x86.Build.0 = Release|Any CPU
		{6A806B80-6AFC-4A7B-866B-BF472D741925}.UITest|Any CPU.ActiveCfg = Debug|Any CPU
		{6A806B80-6AFC-4A7B-866B-BF472D741925}.UITest|Any CPU.Build.0 = Debug|Any CPU
		{6A806B80-6AFC-4A7B-866B-BF472D741925}.UITest|ARM.ActiveCfg = Debug|Any CPU
		{6A806B80-6AFC-4A7B-866B-BF472D741925}.UITest|ARM.Build.0 = Debug|Any CPU
		{6A806B80-6AFC-4A7B-866B-BF472D741925}.UITest|iPhone.ActiveCfg = Debug|Any CPU
		{6A806B80-6AFC-4A7B-866B-BF472D741925}.UITest|iPhone.Build.0 = Debug|Any CPU
		{6A806B80-6AFC-4A7B-866B-BF472D741925}.UITest|iPhoneSimulator.ActiveCfg = Debug|Any CPU
		{6A806B80-6AFC-4A7B-866B-BF472D741925}.UITest|iPhoneSimulator.Build.0 = Debug|Any CPU
		{6A806B80-6AFC-4A7B-866B-BF472D741925}.UITest|x64.ActiveCfg = Debug|Any CPU
		{6A806B80-6AFC-4A7B-866B-BF472D741925}.UITest|x64.Build.0 = Debug|Any CPU
		{6A806B80-6AFC-4A7B-866B-BF472D741925}.UITest|x86.ActiveCfg = Debug|Any CPU
		{6A806B80-6AFC-4A7B-866B-BF472D741925}.UITest|x86.Build.0 = Debug|Any CPU
		{3EFAF816-ABAE-49C4-A463-2663CC40A46E}.Debug|Any CPU.ActiveCfg = Debug|Any CPU
		{3EFAF816-ABAE-49C4-A463-2663CC40A46E}.Debug|Any CPU.Build.0 = Debug|Any CPU
		{3EFAF816-ABAE-49C4-A463-2663CC40A46E}.Debug|ARM.ActiveCfg = Debug|Any CPU
		{3EFAF816-ABAE-49C4-A463-2663CC40A46E}.Debug|ARM.Build.0 = Debug|Any CPU
		{3EFAF816-ABAE-49C4-A463-2663CC40A46E}.Debug|iPhone.ActiveCfg = Debug|Any CPU
		{3EFAF816-ABAE-49C4-A463-2663CC40A46E}.Debug|iPhone.Build.0 = Debug|Any CPU
		{3EFAF816-ABAE-49C4-A463-2663CC40A46E}.Debug|iPhoneSimulator.ActiveCfg = Debug|Any CPU
		{3EFAF816-ABAE-49C4-A463-2663CC40A46E}.Debug|iPhoneSimulator.Build.0 = Debug|Any CPU
		{3EFAF816-ABAE-49C4-A463-2663CC40A46E}.Debug|x64.ActiveCfg = Debug|Any CPU
		{3EFAF816-ABAE-49C4-A463-2663CC40A46E}.Debug|x64.Build.0 = Debug|Any CPU
		{3EFAF816-ABAE-49C4-A463-2663CC40A46E}.Debug|x86.ActiveCfg = Debug|Any CPU
		{3EFAF816-ABAE-49C4-A463-2663CC40A46E}.Debug|x86.Build.0 = Debug|Any CPU
		{3EFAF816-ABAE-49C4-A463-2663CC40A46E}.Release|Any CPU.ActiveCfg = Release|Any CPU
		{3EFAF816-ABAE-49C4-A463-2663CC40A46E}.Release|Any CPU.Build.0 = Release|Any CPU
		{3EFAF816-ABAE-49C4-A463-2663CC40A46E}.Release|ARM.ActiveCfg = Release|Any CPU
		{3EFAF816-ABAE-49C4-A463-2663CC40A46E}.Release|ARM.Build.0 = Release|Any CPU
		{3EFAF816-ABAE-49C4-A463-2663CC40A46E}.Release|iPhone.ActiveCfg = Release|Any CPU
		{3EFAF816-ABAE-49C4-A463-2663CC40A46E}.Release|iPhone.Build.0 = Release|Any CPU
		{3EFAF816-ABAE-49C4-A463-2663CC40A46E}.Release|iPhoneSimulator.ActiveCfg = Release|Any CPU
		{3EFAF816-ABAE-49C4-A463-2663CC40A46E}.Release|iPhoneSimulator.Build.0 = Release|Any CPU
		{3EFAF816-ABAE-49C4-A463-2663CC40A46E}.Release|x64.ActiveCfg = Release|Any CPU
		{3EFAF816-ABAE-49C4-A463-2663CC40A46E}.Release|x64.Build.0 = Release|Any CPU
		{3EFAF816-ABAE-49C4-A463-2663CC40A46E}.Release|x86.ActiveCfg = Release|Any CPU
		{3EFAF816-ABAE-49C4-A463-2663CC40A46E}.Release|x86.Build.0 = Release|Any CPU
		{3EFAF816-ABAE-49C4-A463-2663CC40A46E}.UITest|Any CPU.ActiveCfg = Debug|Any CPU
		{3EFAF816-ABAE-49C4-A463-2663CC40A46E}.UITest|Any CPU.Build.0 = Debug|Any CPU
		{3EFAF816-ABAE-49C4-A463-2663CC40A46E}.UITest|ARM.ActiveCfg = Debug|Any CPU
		{3EFAF816-ABAE-49C4-A463-2663CC40A46E}.UITest|ARM.Build.0 = Debug|Any CPU
		{3EFAF816-ABAE-49C4-A463-2663CC40A46E}.UITest|iPhone.ActiveCfg = Debug|Any CPU
		{3EFAF816-ABAE-49C4-A463-2663CC40A46E}.UITest|iPhone.Build.0 = Debug|Any CPU
		{3EFAF816-ABAE-49C4-A463-2663CC40A46E}.UITest|iPhoneSimulator.ActiveCfg = Debug|Any CPU
		{3EFAF816-ABAE-49C4-A463-2663CC40A46E}.UITest|iPhoneSimulator.Build.0 = Debug|Any CPU
		{3EFAF816-ABAE-49C4-A463-2663CC40A46E}.UITest|x64.ActiveCfg = Debug|Any CPU
		{3EFAF816-ABAE-49C4-A463-2663CC40A46E}.UITest|x64.Build.0 = Debug|Any CPU
		{3EFAF816-ABAE-49C4-A463-2663CC40A46E}.UITest|x86.ActiveCfg = Debug|Any CPU
		{3EFAF816-ABAE-49C4-A463-2663CC40A46E}.UITest|x86.Build.0 = Debug|Any CPU
		{4C301B29-E7EE-4F54-AA16-800D14DEE38E}.Debug|Any CPU.ActiveCfg = Debug|Any CPU
		{4C301B29-E7EE-4F54-AA16-800D14DEE38E}.Debug|Any CPU.Build.0 = Debug|Any CPU
		{4C301B29-E7EE-4F54-AA16-800D14DEE38E}.Debug|ARM.ActiveCfg = Debug|Any CPU
		{4C301B29-E7EE-4F54-AA16-800D14DEE38E}.Debug|ARM.Build.0 = Debug|Any CPU
		{4C301B29-E7EE-4F54-AA16-800D14DEE38E}.Debug|iPhone.ActiveCfg = Debug|Any CPU
		{4C301B29-E7EE-4F54-AA16-800D14DEE38E}.Debug|iPhone.Build.0 = Debug|Any CPU
		{4C301B29-E7EE-4F54-AA16-800D14DEE38E}.Debug|iPhoneSimulator.ActiveCfg = Debug|Any CPU
		{4C301B29-E7EE-4F54-AA16-800D14DEE38E}.Debug|iPhoneSimulator.Build.0 = Debug|Any CPU
		{4C301B29-E7EE-4F54-AA16-800D14DEE38E}.Debug|x64.ActiveCfg = Debug|Any CPU
		{4C301B29-E7EE-4F54-AA16-800D14DEE38E}.Debug|x64.Build.0 = Debug|Any CPU
		{4C301B29-E7EE-4F54-AA16-800D14DEE38E}.Debug|x86.ActiveCfg = Debug|Any CPU
		{4C301B29-E7EE-4F54-AA16-800D14DEE38E}.Debug|x86.Build.0 = Debug|Any CPU
		{4C301B29-E7EE-4F54-AA16-800D14DEE38E}.Release|Any CPU.ActiveCfg = Release|Any CPU
		{4C301B29-E7EE-4F54-AA16-800D14DEE38E}.Release|Any CPU.Build.0 = Release|Any CPU
		{4C301B29-E7EE-4F54-AA16-800D14DEE38E}.Release|ARM.ActiveCfg = Release|Any CPU
		{4C301B29-E7EE-4F54-AA16-800D14DEE38E}.Release|ARM.Build.0 = Release|Any CPU
		{4C301B29-E7EE-4F54-AA16-800D14DEE38E}.Release|iPhone.ActiveCfg = Release|Any CPU
		{4C301B29-E7EE-4F54-AA16-800D14DEE38E}.Release|iPhone.Build.0 = Release|Any CPU
		{4C301B29-E7EE-4F54-AA16-800D14DEE38E}.Release|iPhoneSimulator.ActiveCfg = Release|Any CPU
		{4C301B29-E7EE-4F54-AA16-800D14DEE38E}.Release|iPhoneSimulator.Build.0 = Release|Any CPU
		{4C301B29-E7EE-4F54-AA16-800D14DEE38E}.Release|x64.ActiveCfg = Release|Any CPU
		{4C301B29-E7EE-4F54-AA16-800D14DEE38E}.Release|x64.Build.0 = Release|Any CPU
		{4C301B29-E7EE-4F54-AA16-800D14DEE38E}.Release|x86.ActiveCfg = Release|Any CPU
		{4C301B29-E7EE-4F54-AA16-800D14DEE38E}.Release|x86.Build.0 = Release|Any CPU
		{4C301B29-E7EE-4F54-AA16-800D14DEE38E}.UITest|Any CPU.ActiveCfg = Debug|Any CPU
		{4C301B29-E7EE-4F54-AA16-800D14DEE38E}.UITest|Any CPU.Build.0 = Debug|Any CPU
		{4C301B29-E7EE-4F54-AA16-800D14DEE38E}.UITest|ARM.ActiveCfg = Debug|Any CPU
		{4C301B29-E7EE-4F54-AA16-800D14DEE38E}.UITest|ARM.Build.0 = Debug|Any CPU
		{4C301B29-E7EE-4F54-AA16-800D14DEE38E}.UITest|iPhone.ActiveCfg = Debug|Any CPU
		{4C301B29-E7EE-4F54-AA16-800D14DEE38E}.UITest|iPhone.Build.0 = Debug|Any CPU
		{4C301B29-E7EE-4F54-AA16-800D14DEE38E}.UITest|iPhoneSimulator.ActiveCfg = Debug|Any CPU
		{4C301B29-E7EE-4F54-AA16-800D14DEE38E}.UITest|iPhoneSimulator.Build.0 = Debug|Any CPU
		{4C301B29-E7EE-4F54-AA16-800D14DEE38E}.UITest|x64.ActiveCfg = Debug|Any CPU
		{4C301B29-E7EE-4F54-AA16-800D14DEE38E}.UITest|x64.Build.0 = Debug|Any CPU
		{4C301B29-E7EE-4F54-AA16-800D14DEE38E}.UITest|x86.ActiveCfg = Debug|Any CPU
		{4C301B29-E7EE-4F54-AA16-800D14DEE38E}.UITest|x86.Build.0 = Debug|Any CPU
	EndGlobalSection
	GlobalSection(SolutionProperties) = preSolution
		HideSolutionNode = FALSE
	EndGlobalSection
	GlobalSection(NestedProjects) = preSolution
		{22F77CDE-8816-45D7-A7A1-CA9282145F0A} = {B3B306B8-9A3D-4CD6-81FD-9C9EAB3C5788}
		{7EDD0E09-3B40-41AB-83DD-01317426CA1A} = {8D118106-3CF2-4674-978C-C9133AD91F39}
		{B994592A-84E5-4595-B02D-D2FE99116852} = {DC9BA4C6-1267-449A-95F2-AB7A8B53F65D}
		{3F4527EF-1454-4EFF-AB5C-CBE235E3DA9B} = {B3B306B8-9A3D-4CD6-81FD-9C9EAB3C5788}
		{81D89107-E880-4AE6-9273-BFFBA57B3E73} = {DC9BA4C6-1267-449A-95F2-AB7A8B53F65D}
		{A04D3A08-90AB-464F-9B72-90F3611E36DD} = {DC9BA4C6-1267-449A-95F2-AB7A8B53F65D}
		{616C2DE6-92FB-42E2-ADA2-255CFDC28F63} = {DC9BA4C6-1267-449A-95F2-AB7A8B53F65D}
		{6A806B80-6AFC-4A7B-866B-BF472D741925} = {8D118106-3CF2-4674-978C-C9133AD91F39}
		{3EFAF816-ABAE-49C4-A463-2663CC40A46E} = {8D118106-3CF2-4674-978C-C9133AD91F39}
		{4C301B29-E7EE-4F54-AA16-800D14DEE38E} = {8D118106-3CF2-4674-978C-C9133AD91F39}
	EndGlobalSection
	GlobalSection(ExtensibilityGlobals) = postSolution
		SolutionGuid = {BC4C6FAB-932C-42C3-BB5C-3092342BDAFA}
	EndGlobalSection
	GlobalSection(MonoDevelopProperties) = preSolution
		Policies = $0
		$0.DotNetNamingPolicy = $1
		$1.DirectoryNamespaceAssociation = None
		$1.ResourceNamePolicy = FileName
	EndGlobalSection
EndGlobal
