
Microsoft Visual Studio Solution File, Format Version 12.00
# Visual Studio Version 16
VisualStudioVersion = 16.0.28917.181
MinimumVisualStudioVersion = 10.0.40219.1
Project("{2150E333-8FDC-42A3-9474-1A3956D46DE8}") = "Targets", "Targets", "{B3B306B8-9A3D-4CD6-81FD-9C9EAB3C5788}"
EndProject
Project("{2150E333-8FDC-42A3-9474-1A3956D46DE8}") = "Backend", "Backend", "{8D118106-3CF2-4674-978C-C9133AD91F39}"
EndProject
Project("{D954291E-2A0B-460D-934E-DC6B0785DB48}") = "XamarinEvolve.DataObjects", "XamarinEvolve.DataObjects\XamarinEvolve.DataObjects.shproj", "{7EDD0E09-3B40-41AB-83DD-01317426CA1A}"
EndProject
Project("{2150E333-8FDC-42A3-9474-1A3956D46DE8}") = "Shared", "Shared", "{DC9BA4C6-1267-449A-95F2-AB7A8B53F65D}"
EndProject
Project("{D954291E-2A0B-460D-934E-DC6B0785DB48}") = "XamarinEvolve.Shared", "XamarinEvolve.Shared\XamarinEvolve.Shared.shproj", "{B994592A-84E5-4595-B02D-D2FE99116852}"
EndProject
Project("{9A19103F-16F7-4668-BE54-9A1E7A4F7556}") = "XamarinEvolve.Utils.NetStandard", "XamarinEvolve.Utils.NetStandard\XamarinEvolve.Utils.NetStandard.csproj", "{ED2013B4-7239-4F8B-A1BE-383C3406E71D}"
EndProject
Project("{9A19103F-16F7-4668-BE54-9A1E7A4F7556}") = "XamarinEvolve.Clients.UI.NetStandard", "XamarinEvolve.Clients.UI.NetStandard\XamarinEvolve.Clients.UI.NetStandard.csproj", "{945110BB-087B-4454-8387-D93A7335550D}"
EndProject
Project("{9A19103F-16F7-4668-BE54-9A1E7A4F7556}") = "XamarinEvolve.DataStore.Abstractions.Netstandard", "XamarinEvolve.DataStore.Abstractions.Netstandard\XamarinEvolve.DataStore.Abstractions.Netstandard.csproj", "{2EC99738-984C-4E06-AFF0-8D5DC575B1A8}"
EndProject
Project("{9A19103F-16F7-4668-BE54-9A1E7A4F7556}") = "XamarinEvolve.DataStore.Mock.NetStandard", "XamarinEvolve.DataStore.Mock.NetStandard\XamarinEvolve.DataStore.Mock.NetStandard.csproj", "{C02330A6-0944-4964-9E76-40296BFDE858}"
EndProject
Project("{9A19103F-16F7-4668-BE54-9A1E7A4F7556}") = "XamarinEvolve.DataStore.Azure.NetStandard", "XamarinEvolve.DataStore.Azure.NetStandard\XamarinEvolve.DataStore.Azure.NetStandard.csproj", "{ED5575B4-C780-472F-9562-0B29FF60A7EF}"
EndProject
Project("{9A19103F-16F7-4668-BE54-9A1E7A4F7556}") = "XamarinEvolve.Clients.Portable.NetStandard", "XamarinEvolve.Clients.Portable.NetStandard\XamarinEvolve.Clients.Portable.NetStandard.csproj", "{95C089D5-9464-40BC-97E5-31FA5E901618}"
EndProject
Project("{FAE04EC0-301F-11D3-BF4B-00C04F79EFBC}") = "XamarinEvolve.Android.NetStandard.Android", "XamarinEvolve.Android.Ns\XamarinEvolve.Android.NetStandard.Android\XamarinEvolve.Android.NetStandard.Android.csproj", "{80B224DD-AA89-4E28-9B82-7F5645EAF5C4}"
EndProject
Global
	GlobalSection(SharedMSBuildProjectFiles) = preSolution
		XamarinEvolve.DataObjects\XamarinEvolve.Backend.Shared.projitems*{7edd0e09-3b40-41ab-83dd-01317426ca1a}*SharedItemsImports = 13
		XamarinEvolve.Shared\XamarinEvolve.Shared.projitems*{80b224dd-aa89-4e28-9b82-7f5645eaf5c4}*SharedItemsImports = 4
		XamarinEvolve.Shared\XamarinEvolve.Shared.projitems*{b994592a-84e5-4595-b02d-d2fe99116852}*SharedItemsImports = 13
	EndGlobalSection
	GlobalSection(SolutionConfigurationPlatforms) = preSolution
		Debug|Any CPU = Debug|Any CPU
		Debug|ARM = Debug|ARM
		Debug|iPhone = Debug|iPhone
		Debug|iPhoneSimulator = Debug|iPhoneSimulator
		Debug|x64 = Debug|x64
		Debug|x86 = Debug|x86
		Release|Any CPU = Release|Any CPU
		Release|ARM = Release|ARM
		Release|iPhone = Release|iPhone
		Release|iPhoneSimulator = Release|iPhoneSimulator
		Release|x64 = Release|x64
		Release|x86 = Release|x86
		UITest|Any CPU = UITest|Any CPU
		UITest|ARM = UITest|ARM
		UITest|iPhone = UITest|iPhone
		UITest|iPhoneSimulator = UITest|iPhoneSimulator
		UITest|x64 = UITest|x64
		UITest|x86 = UITest|x86
	EndGlobalSection
	GlobalSection(ProjectConfigurationPlatforms) = postSolution
		{ED2013B4-7239-4F8B-A1BE-383C3406E71D}.Debug|Any CPU.ActiveCfg = Debug|Any CPU
		{ED2013B4-7239-4F8B-A1BE-383C3406E71D}.Debug|Any CPU.Build.0 = Debug|Any CPU
		{ED2013B4-7239-4F8B-A1BE-383C3406E71D}.Debug|ARM.ActiveCfg = Debug|Any CPU
		{ED2013B4-7239-4F8B-A1BE-383C3406E71D}.Debug|ARM.Build.0 = Debug|Any CPU
		{ED2013B4-7239-4F8B-A1BE-383C3406E71D}.Debug|iPhone.ActiveCfg = Debug|Any CPU
		{ED2013B4-7239-4F8B-A1BE-383C3406E71D}.Debug|iPhone.Build.0 = Debug|Any CPU
		{ED2013B4-7239-4F8B-A1BE-383C3406E71D}.Debug|iPhoneSimulator.ActiveCfg = Debug|Any CPU
		{ED2013B4-7239-4F8B-A1BE-383C3406E71D}.Debug|iPhoneSimulator.Build.0 = Debug|Any CPU
		{ED2013B4-7239-4F8B-A1BE-383C3406E71D}.Debug|x64.ActiveCfg = Debug|Any CPU
		{ED2013B4-7239-4F8B-A1BE-383C3406E71D}.Debug|x64.Build.0 = Debug|Any CPU
		{ED2013B4-7239-4F8B-A1BE-383C3406E71D}.Debug|x86.ActiveCfg = Debug|Any CPU
		{ED2013B4-7239-4F8B-A1BE-383C3406E71D}.Debug|x86.Build.0 = Debug|Any CPU
		{ED2013B4-7239-4F8B-A1BE-383C3406E71D}.Release|Any CPU.ActiveCfg = Release|Any CPU
		{ED2013B4-7239-4F8B-A1BE-383C3406E71D}.Release|Any CPU.Build.0 = Release|Any CPU
		{ED2013B4-7239-4F8B-A1BE-383C3406E71D}.Release|ARM.ActiveCfg = Release|Any CPU
		{ED2013B4-7239-4F8B-A1BE-383C3406E71D}.Release|ARM.Build.0 = Release|Any CPU
		{ED2013B4-7239-4F8B-A1BE-383C3406E71D}.Release|iPhone.ActiveCfg = Release|Any CPU
		{ED2013B4-7239-4F8B-A1BE-383C3406E71D}.Release|iPhone.Build.0 = Release|Any CPU
		{ED2013B4-7239-4F8B-A1BE-383C3406E71D}.Release|iPhoneSimulator.ActiveCfg = Release|Any CPU
		{ED2013B4-7239-4F8B-A1BE-383C3406E71D}.Release|iPhoneSimulator.Build.0 = Release|Any CPU
		{ED2013B4-7239-4F8B-A1BE-383C3406E71D}.Release|x64.ActiveCfg = Release|Any CPU
		{ED2013B4-7239-4F8B-A1BE-383C3406E71D}.Release|x64.Build.0 = Release|Any CPU
		{ED2013B4-7239-4F8B-A1BE-383C3406E71D}.Release|x86.ActiveCfg = Release|Any CPU
		{ED2013B4-7239-4F8B-A1BE-383C3406E71D}.Release|x86.Build.0 = Release|Any CPU
		{ED2013B4-7239-4F8B-A1BE-383C3406E71D}.UITest|Any CPU.ActiveCfg = Debug|Any CPU
		{ED2013B4-7239-4F8B-A1BE-383C3406E71D}.UITest|Any CPU.Build.0 = Debug|Any CPU
		{ED2013B4-7239-4F8B-A1BE-383C3406E71D}.UITest|ARM.ActiveCfg = Debug|Any CPU
		{ED2013B4-7239-4F8B-A1BE-383C3406E71D}.UITest|ARM.Build.0 = Debug|Any CPU
		{ED2013B4-7239-4F8B-A1BE-383C3406E71D}.UITest|iPhone.ActiveCfg = Debug|Any CPU
		{ED2013B4-7239-4F8B-A1BE-383C3406E71D}.UITest|iPhone.Build.0 = Debug|Any CPU
		{ED2013B4-7239-4F8B-A1BE-383C3406E71D}.UITest|iPhoneSimulator.ActiveCfg = Debug|Any CPU
		{ED2013B4-7239-4F8B-A1BE-383C3406E71D}.UITest|iPhoneSimulator.Build.0 = Debug|Any CPU
		{ED2013B4-7239-4F8B-A1BE-383C3406E71D}.UITest|x64.ActiveCfg = Debug|Any CPU
		{ED2013B4-7239-4F8B-A1BE-383C3406E71D}.UITest|x64.Build.0 = Debug|Any CPU
		{ED2013B4-7239-4F8B-A1BE-383C3406E71D}.UITest|x86.ActiveCfg = Debug|Any CPU
		{ED2013B4-7239-4F8B-A1BE-383C3406E71D}.UITest|x86.Build.0 = Debug|Any CPU
		{945110BB-087B-4454-8387-D93A7335550D}.Debug|Any CPU.ActiveCfg = Debug|Any CPU
		{945110BB-087B-4454-8387-D93A7335550D}.Debug|Any CPU.Build.0 = Debug|Any CPU
		{945110BB-087B-4454-8387-D93A7335550D}.Debug|ARM.ActiveCfg = Debug|Any CPU
		{945110BB-087B-4454-8387-D93A7335550D}.Debug|ARM.Build.0 = Debug|Any CPU
		{945110BB-087B-4454-8387-D93A7335550D}.Debug|iPhone.ActiveCfg = Debug|Any CPU
		{945110BB-087B-4454-8387-D93A7335550D}.Debug|iPhone.Build.0 = Debug|Any CPU
		{945110BB-087B-4454-8387-D93A7335550D}.Debug|iPhoneSimulator.ActiveCfg = Debug|Any CPU
		{945110BB-087B-4454-8387-D93A7335550D}.Debug|iPhoneSimulator.Build.0 = Debug|Any CPU
		{945110BB-087B-4454-8387-D93A7335550D}.Debug|x64.ActiveCfg = Debug|Any CPU
		{945110BB-087B-4454-8387-D93A7335550D}.Debug|x64.Build.0 = Debug|Any CPU
		{945110BB-087B-4454-8387-D93A7335550D}.Debug|x86.ActiveCfg = Debug|Any CPU
		{945110BB-087B-4454-8387-D93A7335550D}.Debug|x86.Build.0 = Debug|Any CPU
		{945110BB-087B-4454-8387-D93A7335550D}.Release|Any CPU.ActiveCfg = Release|Any CPU
		{945110BB-087B-4454-8387-D93A7335550D}.Release|Any CPU.Build.0 = Release|Any CPU
		{945110BB-087B-4454-8387-D93A7335550D}.Release|ARM.ActiveCfg = Release|Any CPU
		{945110BB-087B-4454-8387-D93A7335550D}.Release|ARM.Build.0 = Release|Any CPU
		{945110BB-087B-4454-8387-D93A7335550D}.Release|iPhone.ActiveCfg = Release|Any CPU
		{945110BB-087B-4454-8387-D93A7335550D}.Release|iPhone.Build.0 = Release|Any CPU
		{945110BB-087B-4454-8387-D93A7335550D}.Release|iPhoneSimulator.ActiveCfg = Release|Any CPU
		{945110BB-087B-4454-8387-D93A7335550D}.Release|iPhoneSimulator.Build.0 = Release|Any CPU
		{945110BB-087B-4454-8387-D93A7335550D}.Release|x64.ActiveCfg = Release|Any CPU
		{945110BB-087B-4454-8387-D93A7335550D}.Release|x64.Build.0 = Release|Any CPU
		{945110BB-087B-4454-8387-D93A7335550D}.Release|x86.ActiveCfg = Release|Any CPU
		{945110BB-087B-4454-8387-D93A7335550D}.Release|x86.Build.0 = Release|Any CPU
		{945110BB-087B-4454-8387-D93A7335550D}.UITest|Any CPU.ActiveCfg = Debug|Any CPU
		{945110BB-087B-4454-8387-D93A7335550D}.UITest|Any CPU.Build.0 = Debug|Any CPU
		{945110BB-087B-4454-8387-D93A7335550D}.UITest|ARM.ActiveCfg = Debug|Any CPU
		{945110BB-087B-4454-8387-D93A7335550D}.UITest|ARM.Build.0 = Debug|Any CPU
		{945110BB-087B-4454-8387-D93A7335550D}.UITest|iPhone.ActiveCfg = Debug|Any CPU
		{945110BB-087B-4454-8387-D93A7335550D}.UITest|iPhone.Build.0 = Debug|Any CPU
		{945110BB-087B-4454-8387-D93A7335550D}.UITest|iPhoneSimulator.ActiveCfg = Debug|Any CPU
		{945110BB-087B-4454-8387-D93A7335550D}.UITest|iPhoneSimulator.Build.0 = Debug|Any CPU
		{945110BB-087B-4454-8387-D93A7335550D}.UITest|x64.ActiveCfg = Debug|Any CPU
		{945110BB-087B-4454-8387-D93A7335550D}.UITest|x64.Build.0 = Debug|Any CPU
		{945110BB-087B-4454-8387-D93A7335550D}.UITest|x86.ActiveCfg = Debug|Any CPU
		{945110BB-087B-4454-8387-D93A7335550D}.UITest|x86.Build.0 = Debug|Any CPU
		{2EC99738-984C-4E06-AFF0-8D5DC575B1A8}.Debug|Any CPU.ActiveCfg = Debug|Any CPU
		{2EC99738-984C-4E06-AFF0-8D5DC575B1A8}.Debug|Any CPU.Build.0 = Debug|Any CPU
		{2EC99738-984C-4E06-AFF0-8D5DC575B1A8}.Debug|ARM.ActiveCfg = Debug|Any CPU
		{2EC99738-984C-4E06-AFF0-8D5DC575B1A8}.Debug|ARM.Build.0 = Debug|Any CPU
		{2EC99738-984C-4E06-AFF0-8D5DC575B1A8}.Debug|iPhone.ActiveCfg = Debug|Any CPU
		{2EC99738-984C-4E06-AFF0-8D5DC575B1A8}.Debug|iPhone.Build.0 = Debug|Any CPU
		{2EC99738-984C-4E06-AFF0-8D5DC575B1A8}.Debug|iPhoneSimulator.ActiveCfg = Debug|Any CPU
		{2EC99738-984C-4E06-AFF0-8D5DC575B1A8}.Debug|iPhoneSimulator.Build.0 = Debug|Any CPU
		{2EC99738-984C-4E06-AFF0-8D5DC575B1A8}.Debug|x64.ActiveCfg = Debug|Any CPU
		{2EC99738-984C-4E06-AFF0-8D5DC575B1A8}.Debug|x64.Build.0 = Debug|Any CPU
		{2EC99738-984C-4E06-AFF0-8D5DC575B1A8}.Debug|x86.ActiveCfg = Debug|Any CPU
		{2EC99738-984C-4E06-AFF0-8D5DC575B1A8}.Debug|x86.Build.0 = Debug|Any CPU
		{2EC99738-984C-4E06-AFF0-8D5DC575B1A8}.Release|Any CPU.ActiveCfg = Release|Any CPU
		{2EC99738-984C-4E06-AFF0-8D5DC575B1A8}.Release|Any CPU.Build.0 = Release|Any CPU
		{2EC99738-984C-4E06-AFF0-8D5DC575B1A8}.Release|ARM.ActiveCfg = Release|Any CPU
		{2EC99738-984C-4E06-AFF0-8D5DC575B1A8}.Release|ARM.Build.0 = Release|Any CPU
		{2EC99738-984C-4E06-AFF0-8D5DC575B1A8}.Release|iPhone.ActiveCfg = Release|Any CPU
		{2EC99738-984C-4E06-AFF0-8D5DC575B1A8}.Release|iPhone.Build.0 = Release|Any CPU
		{2EC99738-984C-4E06-AFF0-8D5DC575B1A8}.Release|iPhoneSimulator.ActiveCfg = Release|Any CPU
		{2EC99738-984C-4E06-AFF0-8D5DC575B1A8}.Release|iPhoneSimulator.Build.0 = Release|Any CPU
		{2EC99738-984C-4E06-AFF0-8D5DC575B1A8}.Release|x64.ActiveCfg = Release|Any CPU
		{2EC99738-984C-4E06-AFF0-8D5DC575B1A8}.Release|x64.Build.0 = Release|Any CPU
		{2EC99738-984C-4E06-AFF0-8D5DC575B1A8}.Release|x86.ActiveCfg = Release|Any CPU
		{2EC99738-984C-4E06-AFF0-8D5DC575B1A8}.Release|x86.Build.0 = Release|Any CPU
		{2EC99738-984C-4E06-AFF0-8D5DC575B1A8}.UITest|Any CPU.ActiveCfg = Debug|Any CPU
		{2EC99738-984C-4E06-AFF0-8D5DC575B1A8}.UITest|Any CPU.Build.0 = Debug|Any CPU
		{2EC99738-984C-4E06-AFF0-8D5DC575B1A8}.UITest|ARM.ActiveCfg = Debug|Any CPU
		{2EC99738-984C-4E06-AFF0-8D5DC575B1A8}.UITest|ARM.Build.0 = Debug|Any CPU
		{2EC99738-984C-4E06-AFF0-8D5DC575B1A8}.UITest|iPhone.ActiveCfg = Debug|Any CPU
		{2EC99738-984C-4E06-AFF0-8D5DC575B1A8}.UITest|iPhone.Build.0 = Debug|Any CPU
		{2EC99738-984C-4E06-AFF0-8D5DC575B1A8}.UITest|iPhoneSimulator.ActiveCfg = Debug|Any CPU
		{2EC99738-984C-4E06-AFF0-8D5DC575B1A8}.UITest|iPhoneSimulator.Build.0 = Debug|Any CPU
		{2EC99738-984C-4E06-AFF0-8D5DC575B1A8}.UITest|x64.ActiveCfg = Debug|Any CPU
		{2EC99738-984C-4E06-AFF0-8D5DC575B1A8}.UITest|x64.Build.0 = Debug|Any CPU
		{2EC99738-984C-4E06-AFF0-8D5DC575B1A8}.UITest|x86.ActiveCfg = Debug|Any CPU
		{2EC99738-984C-4E06-AFF0-8D5DC575B1A8}.UITest|x86.Build.0 = Debug|Any CPU
		{C02330A6-0944-4964-9E76-40296BFDE858}.Debug|Any CPU.ActiveCfg = Debug|Any CPU
		{C02330A6-0944-4964-9E76-40296BFDE858}.Debug|Any CPU.Build.0 = Debug|Any CPU
		{C02330A6-0944-4964-9E76-40296BFDE858}.Debug|ARM.ActiveCfg = Debug|Any CPU
		{C02330A6-0944-4964-9E76-40296BFDE858}.Debug|ARM.Build.0 = Debug|Any CPU
		{C02330A6-0944-4964-9E76-40296BFDE858}.Debug|iPhone.ActiveCfg = Debug|Any CPU
		{C02330A6-0944-4964-9E76-40296BFDE858}.Debug|iPhone.Build.0 = Debug|Any CPU
		{C02330A6-0944-4964-9E76-40296BFDE858}.Debug|iPhoneSimulator.ActiveCfg = Debug|Any CPU
		{C02330A6-0944-4964-9E76-40296BFDE858}.Debug|iPhoneSimulator.Build.0 = Debug|Any CPU
		{C02330A6-0944-4964-9E76-40296BFDE858}.Debug|x64.ActiveCfg = Debug|Any CPU
		{C02330A6-0944-4964-9E76-40296BFDE858}.Debug|x64.Build.0 = Debug|Any CPU
		{C02330A6-0944-4964-9E76-40296BFDE858}.Debug|x86.ActiveCfg = Debug|Any CPU
		{C02330A6-0944-4964-9E76-40296BFDE858}.Debug|x86.Build.0 = Debug|Any CPU
		{C02330A6-0944-4964-9E76-40296BFDE858}.Release|Any CPU.ActiveCfg = Release|Any CPU
		{C02330A6-0944-4964-9E76-40296BFDE858}.Release|Any CPU.Build.0 = Release|Any CPU
		{C02330A6-0944-4964-9E76-40296BFDE858}.Release|ARM.ActiveCfg = Release|Any CPU
		{C02330A6-0944-4964-9E76-40296BFDE858}.Release|ARM.Build.0 = Release|Any CPU
		{C02330A6-0944-4964-9E76-40296BFDE858}.Release|iPhone.ActiveCfg = Release|Any CPU
		{C02330A6-0944-4964-9E76-40296BFDE858}.Release|iPhone.Build.0 = Release|Any CPU
		{C02330A6-0944-4964-9E76-40296BFDE858}.Release|iPhoneSimulator.ActiveCfg = Release|Any CPU
		{C02330A6-0944-4964-9E76-40296BFDE858}.Release|iPhoneSimulator.Build.0 = Release|Any CPU
		{C02330A6-0944-4964-9E76-40296BFDE858}.Release|x64.ActiveCfg = Release|Any CPU
		{C02330A6-0944-4964-9E76-40296BFDE858}.Release|x64.Build.0 = Release|Any CPU
		{C02330A6-0944-4964-9E76-40296BFDE858}.Release|x86.ActiveCfg = Release|Any CPU
		{C02330A6-0944-4964-9E76-40296BFDE858}.Release|x86.Build.0 = Release|Any CPU
		{C02330A6-0944-4964-9E76-40296BFDE858}.UITest|Any CPU.ActiveCfg = Debug|Any CPU
		{C02330A6-0944-4964-9E76-40296BFDE858}.UITest|Any CPU.Build.0 = Debug|Any CPU
		{C02330A6-0944-4964-9E76-40296BFDE858}.UITest|ARM.ActiveCfg = Debug|Any CPU
		{C02330A6-0944-4964-9E76-40296BFDE858}.UITest|ARM.Build.0 = Debug|Any CPU
		{C02330A6-0944-4964-9E76-40296BFDE858}.UITest|iPhone.ActiveCfg = Debug|Any CPU
		{C02330A6-0944-4964-9E76-40296BFDE858}.UITest|iPhone.Build.0 = Debug|Any CPU
		{C02330A6-0944-4964-9E76-40296BFDE858}.UITest|iPhoneSimulator.ActiveCfg = Debug|Any CPU
		{C02330A6-0944-4964-9E76-40296BFDE858}.UITest|iPhoneSimulator.Build.0 = Debug|Any CPU
		{C02330A6-0944-4964-9E76-40296BFDE858}.UITest|x64.ActiveCfg = Debug|Any CPU
		{C02330A6-0944-4964-9E76-40296BFDE858}.UITest|x64.Build.0 = Debug|Any CPU
		{C02330A6-0944-4964-9E76-40296BFDE858}.UITest|x86.ActiveCfg = Debug|Any CPU
		{C02330A6-0944-4964-9E76-40296BFDE858}.UITest|x86.Build.0 = Debug|Any CPU
		{ED5575B4-C780-472F-9562-0B29FF60A7EF}.Debug|Any CPU.ActiveCfg = Debug|Any CPU
		{ED5575B4-C780-472F-9562-0B29FF60A7EF}.Debug|Any CPU.Build.0 = Debug|Any CPU
		{ED5575B4-C780-472F-9562-0B29FF60A7EF}.Debug|ARM.ActiveCfg = Debug|Any CPU
		{ED5575B4-C780-472F-9562-0B29FF60A7EF}.Debug|ARM.Build.0 = Debug|Any CPU
		{ED5575B4-C780-472F-9562-0B29FF60A7EF}.Debug|iPhone.ActiveCfg = Debug|Any CPU
		{ED5575B4-C780-472F-9562-0B29FF60A7EF}.Debug|iPhone.Build.0 = Debug|Any CPU
		{ED5575B4-C780-472F-9562-0B29FF60A7EF}.Debug|iPhoneSimulator.ActiveCfg = Debug|Any CPU
		{ED5575B4-C780-472F-9562-0B29FF60A7EF}.Debug|iPhoneSimulator.Build.0 = Debug|Any CPU
		{ED5575B4-C780-472F-9562-0B29FF60A7EF}.Debug|x64.ActiveCfg = Debug|Any CPU
		{ED5575B4-C780-472F-9562-0B29FF60A7EF}.Debug|x64.Build.0 = Debug|Any CPU
		{ED5575B4-C780-472F-9562-0B29FF60A7EF}.Debug|x86.ActiveCfg = Debug|Any CPU
		{ED5575B4-C780-472F-9562-0B29FF60A7EF}.Debug|x86.Build.0 = Debug|Any CPU
		{ED5575B4-C780-472F-9562-0B29FF60A7EF}.Release|Any CPU.ActiveCfg = Release|Any CPU
		{ED5575B4-C780-472F-9562-0B29FF60A7EF}.Release|Any CPU.Build.0 = Release|Any CPU
		{ED5575B4-C780-472F-9562-0B29FF60A7EF}.Release|ARM.ActiveCfg = Release|Any CPU
		{ED5575B4-C780-472F-9562-0B29FF60A7EF}.Release|ARM.Build.0 = Release|Any CPU
		{ED5575B4-C780-472F-9562-0B29FF60A7EF}.Release|iPhone.ActiveCfg = Release|Any CPU
		{ED5575B4-C780-472F-9562-0B29FF60A7EF}.Release|iPhone.Build.0 = Release|Any CPU
		{ED5575B4-C780-472F-9562-0B29FF60A7EF}.Release|iPhoneSimulator.ActiveCfg = Release|Any CPU
		{ED5575B4-C780-472F-9562-0B29FF60A7EF}.Release|iPhoneSimulator.Build.0 = Release|Any CPU
		{ED5575B4-C780-472F-9562-0B29FF60A7EF}.Release|x64.ActiveCfg = Release|Any CPU
		{ED5575B4-C780-472F-9562-0B29FF60A7EF}.Release|x64.Build.0 = Release|Any CPU
		{ED5575B4-C780-472F-9562-0B29FF60A7EF}.Release|x86.ActiveCfg = Release|Any CPU
		{ED5575B4-C780-472F-9562-0B29FF60A7EF}.Release|x86.Build.0 = Release|Any CPU
		{ED5575B4-C780-472F-9562-0B29FF60A7EF}.UITest|Any CPU.ActiveCfg = Debug|Any CPU
		{ED5575B4-C780-472F-9562-0B29FF60A7EF}.UITest|Any CPU.Build.0 = Debug|Any CPU
		{ED5575B4-C780-472F-9562-0B29FF60A7EF}.UITest|ARM.ActiveCfg = Debug|Any CPU
		{ED5575B4-C780-472F-9562-0B29FF60A7EF}.UITest|ARM.Build.0 = Debug|Any CPU
		{ED5575B4-C780-472F-9562-0B29FF60A7EF}.UITest|iPhone.ActiveCfg = Debug|Any CPU
		{ED5575B4-C780-472F-9562-0B29FF60A7EF}.UITest|iPhone.Build.0 = Debug|Any CPU
		{ED5575B4-C780-472F-9562-0B29FF60A7EF}.UITest|iPhoneSimulator.ActiveCfg = Debug|Any CPU
		{ED5575B4-C780-472F-9562-0B29FF60A7EF}.UITest|iPhoneSimulator.Build.0 = Debug|Any CPU
		{ED5575B4-C780-472F-9562-0B29FF60A7EF}.UITest|x64.ActiveCfg = Debug|Any CPU
		{ED5575B4-C780-472F-9562-0B29FF60A7EF}.UITest|x64.Build.0 = Debug|Any CPU
		{ED5575B4-C780-472F-9562-0B29FF60A7EF}.UITest|x86.ActiveCfg = Debug|Any CPU
		{ED5575B4-C780-472F-9562-0B29FF60A7EF}.UITest|x86.Build.0 = Debug|Any CPU
		{95C089D5-9464-40BC-97E5-31FA5E901618}.Debug|Any CPU.ActiveCfg = Debug|Any CPU
		{95C089D5-9464-40BC-97E5-31FA5E901618}.Debug|Any CPU.Build.0 = Debug|Any CPU
		{95C089D5-9464-40BC-97E5-31FA5E901618}.Debug|ARM.ActiveCfg = Debug|Any CPU
		{95C089D5-9464-40BC-97E5-31FA5E901618}.Debug|ARM.Build.0 = Debug|Any CPU
		{95C089D5-9464-40BC-97E5-31FA5E901618}.Debug|iPhone.ActiveCfg = Debug|Any CPU
		{95C089D5-9464-40BC-97E5-31FA5E901618}.Debug|iPhone.Build.0 = Debug|Any CPU
		{95C089D5-9464-40BC-97E5-31FA5E901618}.Debug|iPhoneSimulator.ActiveCfg = Debug|Any CPU
		{95C089D5-9464-40BC-97E5-31FA5E901618}.Debug|iPhoneSimulator.Build.0 = Debug|Any CPU
		{95C089D5-9464-40BC-97E5-31FA5E901618}.Debug|x64.ActiveCfg = Debug|Any CPU
		{95C089D5-9464-40BC-97E5-31FA5E901618}.Debug|x64.Build.0 = Debug|Any CPU
		{95C089D5-9464-40BC-97E5-31FA5E901618}.Debug|x86.ActiveCfg = Debug|Any CPU
		{95C089D5-9464-40BC-97E5-31FA5E901618}.Debug|x86.Build.0 = Debug|Any CPU
		{95C089D5-9464-40BC-97E5-31FA5E901618}.Release|Any CPU.ActiveCfg = Release|Any CPU
		{95C089D5-9464-40BC-97E5-31FA5E901618}.Release|Any CPU.Build.0 = Release|Any CPU
		{95C089D5-9464-40BC-97E5-31FA5E901618}.Release|ARM.ActiveCfg = Release|Any CPU
		{95C089D5-9464-40BC-97E5-31FA5E901618}.Release|ARM.Build.0 = Release|Any CPU
		{95C089D5-9464-40BC-97E5-31FA5E901618}.Release|iPhone.ActiveCfg = Release|Any CPU
		{95C089D5-9464-40BC-97E5-31FA5E901618}.Release|iPhone.Build.0 = Release|Any CPU
		{95C089D5-9464-40BC-97E5-31FA5E901618}.Release|iPhoneSimulator.ActiveCfg = Release|Any CPU
		{95C089D5-9464-40BC-97E5-31FA5E901618}.Release|iPhoneSimulator.Build.0 = Release|Any CPU
		{95C089D5-9464-40BC-97E5-31FA5E901618}.Release|x64.ActiveCfg = Release|Any CPU
		{95C089D5-9464-40BC-97E5-31FA5E901618}.Release|x64.Build.0 = Release|Any CPU
		{95C089D5-9464-40BC-97E5-31FA5E901618}.Release|x86.ActiveCfg = Release|Any CPU
		{95C089D5-9464-40BC-97E5-31FA5E901618}.Release|x86.Build.0 = Release|Any CPU
		{95C089D5-9464-40BC-97E5-31FA5E901618}.UITest|Any CPU.ActiveCfg = Debug|Any CPU
		{95C089D5-9464-40BC-97E5-31FA5E901618}.UITest|Any CPU.Build.0 = Debug|Any CPU
		{95C089D5-9464-40BC-97E5-31FA5E901618}.UITest|ARM.ActiveCfg = Debug|Any CPU
		{95C089D5-9464-40BC-97E5-31FA5E901618}.UITest|ARM.Build.0 = Debug|Any CPU
		{95C089D5-9464-40BC-97E5-31FA5E901618}.UITest|iPhone.ActiveCfg = Debug|Any CPU
		{95C089D5-9464-40BC-97E5-31FA5E901618}.UITest|iPhone.Build.0 = Debug|Any CPU
		{95C089D5-9464-40BC-97E5-31FA5E901618}.UITest|iPhoneSimulator.ActiveCfg = Debug|Any CPU
		{95C089D5-9464-40BC-97E5-31FA5E901618}.UITest|iPhoneSimulator.Build.0 = Debug|Any CPU
		{95C089D5-9464-40BC-97E5-31FA5E901618}.UITest|x64.ActiveCfg = Debug|Any CPU
		{95C089D5-9464-40BC-97E5-31FA5E901618}.UITest|x64.Build.0 = Debug|Any CPU
		{95C089D5-9464-40BC-97E5-31FA5E901618}.UITest|x86.ActiveCfg = Debug|Any CPU
		{95C089D5-9464-40BC-97E5-31FA5E901618}.UITest|x86.Build.0 = Debug|Any CPU
		{80B224DD-AA89-4E28-9B82-7F5645EAF5C4}.Debug|Any CPU.ActiveCfg = Debug|Any CPU
		{80B224DD-AA89-4E28-9B82-7F5645EAF5C4}.Debug|Any CPU.Build.0 = Debug|Any CPU
		{80B224DD-AA89-4E28-9B82-7F5645EAF5C4}.Debug|Any CPU.Deploy.0 = Debug|Any CPU
		{80B224DD-AA89-4E28-9B82-7F5645EAF5C4}.Debug|ARM.ActiveCfg = Debug|Any CPU
		{80B224DD-AA89-4E28-9B82-7F5645EAF5C4}.Debug|ARM.Build.0 = Debug|Any CPU
		{80B224DD-AA89-4E28-9B82-7F5645EAF5C4}.Debug|ARM.Deploy.0 = Debug|Any CPU
		{80B224DD-AA89-4E28-9B82-7F5645EAF5C4}.Debug|iPhone.ActiveCfg = Debug|Any CPU
		{80B224DD-AA89-4E28-9B82-7F5645EAF5C4}.Debug|iPhone.Build.0 = Debug|Any CPU
		{80B224DD-AA89-4E28-9B82-7F5645EAF5C4}.Debug|iPhone.Deploy.0 = Debug|Any CPU
		{80B224DD-AA89-4E28-9B82-7F5645EAF5C4}.Debug|iPhoneSimulator.ActiveCfg = Debug|Any CPU
		{80B224DD-AA89-4E28-9B82-7F5645EAF5C4}.Debug|iPhoneSimulator.Build.0 = Debug|Any CPU
		{80B224DD-AA89-4E28-9B82-7F5645EAF5C4}.Debug|iPhoneSimulator.Deploy.0 = Debug|Any CPU
		{80B224DD-AA89-4E28-9B82-7F5645EAF5C4}.Debug|x64.ActiveCfg = Debug|Any CPU
		{80B224DD-AA89-4E28-9B82-7F5645EAF5C4}.Debug|x64.Build.0 = Debug|Any CPU
		{80B224DD-AA89-4E28-9B82-7F5645EAF5C4}.Debug|x64.Deploy.0 = Debug|Any CPU
		{80B224DD-AA89-4E28-9B82-7F5645EAF5C4}.Debug|x86.ActiveCfg = Debug|Any CPU
		{80B224DD-AA89-4E28-9B82-7F5645EAF5C4}.Debug|x86.Build.0 = Debug|Any CPU
		{80B224DD-AA89-4E28-9B82-7F5645EAF5C4}.Debug|x86.Deploy.0 = Debug|Any CPU
		{80B224DD-AA89-4E28-9B82-7F5645EAF5C4}.Release|Any CPU.ActiveCfg = Release|Any CPU
		{80B224DD-AA89-4E28-9B82-7F5645EAF5C4}.Release|Any CPU.Build.0 = Release|Any CPU
		{80B224DD-AA89-4E28-9B82-7F5645EAF5C4}.Release|Any CPU.Deploy.0 = Release|Any CPU
		{80B224DD-AA89-4E28-9B82-7F5645EAF5C4}.Release|ARM.ActiveCfg = Release|Any CPU
		{80B224DD-AA89-4E28-9B82-7F5645EAF5C4}.Release|ARM.Build.0 = Release|Any CPU
		{80B224DD-AA89-4E28-9B82-7F5645EAF5C4}.Release|ARM.Deploy.0 = Release|Any CPU
		{80B224DD-AA89-4E28-9B82-7F5645EAF5C4}.Release|iPhone.ActiveCfg = Release|Any CPU
		{80B224DD-AA89-4E28-9B82-7F5645EAF5C4}.Release|iPhone.Build.0 = Release|Any CPU
		{80B224DD-AA89-4E28-9B82-7F5645EAF5C4}.Release|iPhone.Deploy.0 = Release|Any CPU
		{80B224DD-AA89-4E28-9B82-7F5645EAF5C4}.Release|iPhoneSimulator.ActiveCfg = Release|Any CPU
		{80B224DD-AA89-4E28-9B82-7F5645EAF5C4}.Release|iPhoneSimulator.Build.0 = Release|Any CPU
		{80B224DD-AA89-4E28-9B82-7F5645EAF5C4}.Release|iPhoneSimulator.Deploy.0 = Release|Any CPU
		{80B224DD-AA89-4E28-9B82-7F5645EAF5C4}.Release|x64.ActiveCfg = Release|Any CPU
		{80B224DD-AA89-4E28-9B82-7F5645EAF5C4}.Release|x64.Build.0 = Release|Any CPU
		{80B224DD-AA89-4E28-9B82-7F5645EAF5C4}.Release|x64.Deploy.0 = Release|Any CPU
		{80B224DD-AA89-4E28-9B82-7F5645EAF5C4}.Release|x86.ActiveCfg = Release|Any CPU
		{80B224DD-AA89-4E28-9B82-7F5645EAF5C4}.Release|x86.Build.0 = Release|Any CPU
		{80B224DD-AA89-4E28-9B82-7F5645EAF5C4}.Release|x86.Deploy.0 = Release|Any CPU
		{80B224DD-AA89-4E28-9B82-7F5645EAF5C4}.UITest|Any CPU.ActiveCfg = Release|Any CPU
		{80B224DD-AA89-4E28-9B82-7F5645EAF5C4}.UITest|Any CPU.Build.0 = Release|Any CPU
		{80B224DD-AA89-4E28-9B82-7F5645EAF5C4}.UITest|Any CPU.Deploy.0 = Release|Any CPU
		{80B224DD-AA89-4E28-9B82-7F5645EAF5C4}.UITest|ARM.ActiveCfg = Release|Any CPU
		{80B224DD-AA89-4E28-9B82-7F5645EAF5C4}.UITest|ARM.Build.0 = Release|Any CPU
		{80B224DD-AA89-4E28-9B82-7F5645EAF5C4}.UITest|ARM.Deploy.0 = Release|Any CPU
		{80B224DD-AA89-4E28-9B82-7F5645EAF5C4}.UITest|iPhone.ActiveCfg = Release|Any CPU
		{80B224DD-AA89-4E28-9B82-7F5645EAF5C4}.UITest|iPhone.Build.0 = Release|Any CPU
		{80B224DD-AA89-4E28-9B82-7F5645EAF5C4}.UITest|iPhone.Deploy.0 = Release|Any CPU
		{80B224DD-AA89-4E28-9B82-7F5645EAF5C4}.UITest|iPhoneSimulator.ActiveCfg = Release|Any CPU
		{80B224DD-AA89-4E28-9B82-7F5645EAF5C4}.UITest|iPhoneSimulator.Build.0 = Release|Any CPU
		{80B224DD-AA89-4E28-9B82-7F5645EAF5C4}.UITest|iPhoneSimulator.Deploy.0 = Release|Any CPU
		{80B224DD-AA89-4E28-9B82-7F5645EAF5C4}.UITest|x64.ActiveCfg = Release|Any CPU
		{80B224DD-AA89-4E28-9B82-7F5645EAF5C4}.UITest|x64.Build.0 = Release|Any CPU
		{80B224DD-AA89-4E28-9B82-7F5645EAF5C4}.UITest|x64.Deploy.0 = Release|Any CPU
		{80B224DD-AA89-4E28-9B82-7F5645EAF5C4}.UITest|x86.ActiveCfg = Release|Any CPU
		{80B224DD-AA89-4E28-9B82-7F5645EAF5C4}.UITest|x86.Build.0 = Release|Any CPU
		{80B224DD-AA89-4E28-9B82-7F5645EAF5C4}.UITest|x86.Deploy.0 = Release|Any CPU
	EndGlobalSection
	GlobalSection(SolutionProperties) = preSolution
		HideSolutionNode = FALSE
	EndGlobalSection
	GlobalSection(NestedProjects) = preSolution
		{7EDD0E09-3B40-41AB-83DD-01317426CA1A} = {8D118106-3CF2-4674-978C-C9133AD91F39}
		{B994592A-84E5-4595-B02D-D2FE99116852} = {DC9BA4C6-1267-449A-95F2-AB7A8B53F65D}
		{ED2013B4-7239-4F8B-A1BE-383C3406E71D} = {DC9BA4C6-1267-449A-95F2-AB7A8B53F65D}
		{945110BB-087B-4454-8387-D93A7335550D} = {DC9BA4C6-1267-449A-95F2-AB7A8B53F65D}
		{2EC99738-984C-4E06-AFF0-8D5DC575B1A8} = {8D118106-3CF2-4674-978C-C9133AD91F39}
		{C02330A6-0944-4964-9E76-40296BFDE858} = {8D118106-3CF2-4674-978C-C9133AD91F39}
		{ED5575B4-C780-472F-9562-0B29FF60A7EF} = {8D118106-3CF2-4674-978C-C9133AD91F39}
		{95C089D5-9464-40BC-97E5-31FA5E901618} = {DC9BA4C6-1267-449A-95F2-AB7A8B53F65D}
		{80B224DD-AA89-4E28-9B82-7F5645EAF5C4} = {B3B306B8-9A3D-4CD6-81FD-9C9EAB3C5788}
	EndGlobalSection
	GlobalSection(ExtensibilityGlobals) = postSolution
		SolutionGuid = {C02112B6-07A6-422A-B39E-638883D4D7F5}
	EndGlobalSection
	GlobalSection(MonoDevelopProperties) = preSolution
		Policies = $0
		$0.DotNetNamingPolicy = $1
		$1.DirectoryNamespaceAssociation = None
		$1.ResourceNamePolicy = FileName
	EndGlobalSection
EndGlobal
